version = 1
revision = 3
requires-python = ">=3.13"

[[package]]
name = "jetpytools"
version = "2.2.5"
source = { registry = "https://pypi.org/simple" }
sdist = { url = "https://files.pythonhosted.org/packages/a3/d7/bc9af7784e52e7c755707b6495d8256ea434663c6f1615dd65ddf94e198d/jetpytools-2.2.5.tar.gz", hash = "sha256:e6c2cf2edc3e148b8ab76c01a98ac8e2f13734aa726fafd041f5a5468b48b4c4", size = 28216, upload-time = "2026-01-23T18:19:58.292Z" }
wheels = [
    { url = "https://files.pythonhosted.org/packages/b0/60/8b78677077292be302ac84284987565a804ad25420cb08474b7405a70670/jetpytools-2.2.5-py3-none-any.whl", hash = "sha256:5fec12c798d12e7f4c3b7e4916303d382b82293e71d6f9aba59e729e00626bc4", size = 32333, upload-time = "2026-01-23T18:19:56.932Z" },
]

[[package]]
name = "librt"
version = "0.7.8"
source = { registry = "https://pypi.org/simple" }
sdist = { url = "https://files.pythonhosted.org/packages/e7/24/5f3646ff414285e0f7708fa4e946b9bf538345a41d1c375c439467721a5e/librt-0.7.8.tar.gz", hash = "sha256:1a4ede613941d9c3470b0368be851df6bb78ab218635512d0370b27a277a0862", size = 148323, upload-time = "2026-01-14T12:56:16.876Z" }
wheels = [
    { url = "https://files.pythonhosted.org/packages/a1/fe/b1f9de2829cf7fc7649c1dcd202cfd873837c5cc2fc9e526b0e7f716c3d2/librt-0.7.8-cp313-cp313-macosx_10_13_x86_64.whl", hash = "sha256:4c3995abbbb60b3c129490fa985dfe6cac11d88fc3c36eeb4fb1449efbbb04fc", size = 57500, upload-time = "2026-01-14T12:55:21.219Z" },
    { url = "https://files.pythonhosted.org/packages/eb/d4/4a60fbe2e53b825f5d9a77325071d61cd8af8506255067bf0c8527530745/librt-0.7.8-cp313-cp313-macosx_11_0_arm64.whl", hash = "sha256:44e0c2cbc9bebd074cf2cdbe472ca185e824be4e74b1c63a8e934cea674bebf2", size = 59019, upload-time = "2026-01-14T12:55:22.256Z" },
    { url = "https://files.pythonhosted.org/packages/6a/37/61ff80341ba5159afa524445f2d984c30e2821f31f7c73cf166dcafa5564/librt-0.7.8-cp313-cp313-manylinux1_i686.manylinux_2_28_i686.manylinux_2_5_i686.whl", hash = "sha256:4d2f1e492cae964b3463a03dc77a7fe8742f7855d7258c7643f0ee32b6651dd3", size = 169015, upload-time = "2026-01-14T12:55:23.24Z" },
    { url = "https://files.pythonhosted.org/packages/1c/86/13d4f2d6a93f181ebf2fc953868826653ede494559da8268023fe567fca3/librt-0.7.8-cp313-cp313-manylinux2014_aarch64.manylinux_2_17_aarch64.manylinux_2_28_aarch64.whl", hash = "sha256:451e7ffcef8f785831fdb791bd69211f47e95dc4c6ddff68e589058806f044c6", size = 178161, upload-time = "2026-01-14T12:55:24.826Z" },
    { url = "https://files.pythonhosted.org/packages/88/26/e24ef01305954fc4d771f1f09f3dd682f9eb610e1bec188ffb719374d26e/librt-0.7.8-cp313-cp313-manylinux2014_x86_64.manylinux_2_17_x86_64.manylinux_2_28_x86_64.whl", hash = "sha256:3469e1af9f1380e093ae06bedcbdd11e407ac0b303a56bbe9afb1d6824d4982d", size = 193015, upload-time = "2026-01-14T12:55:26.04Z" },
    { url = "https://files.pythonhosted.org/packages/88/a0/92b6bd060e720d7a31ed474d046a69bd55334ec05e9c446d228c4b806ae3/librt-0.7.8-cp313-cp313-musllinux_1_2_aarch64.whl", hash = "sha256:f11b300027ce19a34f6d24ebb0a25fd0e24a9d53353225a5c1e6cadbf2916b2e", size = 192038, upload-time = "2026-01-14T12:55:27.208Z" },
    { url = "https://files.pythonhosted.org/packages/06/bb/6f4c650253704279c3a214dad188101d1b5ea23be0606628bc6739456624/librt-0.7.8-cp313-cp313-musllinux_1_2_i686.whl", hash = "sha256:4adc73614f0d3c97874f02f2c7fd2a27854e7e24ad532ea6b965459c5b757eca", size = 186006, upload-time = "2026-01-14T12:55:28.594Z" },
    { url = "https://files.pythonhosted.org/packages/dc/00/1c409618248d43240cadf45f3efb866837fa77e9a12a71481912135eb481/librt-0.7.8-cp313-cp313-musllinux_1_2_x86_64.whl", hash = "sha256:60c299e555f87e4c01b2eca085dfccda1dde87f5a604bb45c2906b8305819a93", size = 206888, upload-time = "2026-01-14T12:55:30.214Z" },
    { url = "https://files.pythonhosted.org/packages/d9/83/b2cfe8e76ff5c1c77f8a53da3d5de62d04b5ebf7cf913e37f8bca43b5d07/librt-0.7.8-cp313-cp313-win32.whl", hash = "sha256:b09c52ed43a461994716082ee7d87618096851319bf695d57ec123f2ab708951", size = 44126, upload-time = "2026-01-14T12:55:31.44Z" },
    { url = "https://files.pythonhosted.org/packages/a9/0b/c59d45de56a51bd2d3a401fc63449c0ac163e4ef7f523ea8b0c0dee86ec5/librt-0.7.8-cp313-cp313-win_amd64.whl", hash = "sha256:f8f4a901a3fa28969d6e4519deceab56c55a09d691ea7b12ca830e2fa3461e34", size = 50262, upload-time = "2026-01-14T12:55:33.01Z" },
    { url = "https://files.pythonhosted.org/packages/fc/b9/973455cec0a1ec592395250c474164c4a58ebf3e0651ee920fef1a2623f1/librt-0.7.8-cp313-cp313-win_arm64.whl", hash = "sha256:43d4e71b50763fcdcf64725ac680d8cfa1706c928b844794a7aa0fa9ac8e5f09", size = 43600, upload-time = "2026-01-14T12:55:34.054Z" },
    { url = "https://files.pythonhosted.org/packages/1a/73/fa8814c6ce2d49c3827829cadaa1589b0bf4391660bd4510899393a23ebc/librt-0.7.8-cp314-cp314-macosx_10_13_x86_64.whl", hash = "sha256:be927c3c94c74b05128089a955fba86501c3b544d1d300282cc1b4bd370cb418", size = 57049, upload-time = "2026-01-14T12:55:35.056Z" },
    { url = "https://files.pythonhosted.org/packages/53/fe/f6c70956da23ea235fd2e3cc16f4f0b4ebdfd72252b02d1164dd58b4e6c3/librt-0.7.8-cp314-cp314-macosx_11_0_arm64.whl", hash = "sha256:7b0803e9008c62a7ef79058233db7ff6f37a9933b8f2573c05b07ddafa226611", size = 58689, upload-time = "2026-01-14T12:55:36.078Z" },
    { url = "https://files.pythonhosted.org/packages/1f/4d/7a2481444ac5fba63050d9abe823e6bc16896f575bfc9c1e5068d516cdce/librt-0.7.8-cp314-cp314-manylinux1_i686.manylinux_2_28_i686.manylinux_2_5_i686.whl", hash = "sha256:79feb4d00b2a4e0e05c9c56df707934f41fcb5fe53fd9efb7549068d0495b758", size = 166808, upload-time = "2026-01-14T12:55:37.595Z" },
    { url = "https://files.pythonhosted.org/packages/ac/3c/10901d9e18639f8953f57c8986796cfbf4c1c514844a41c9197cf87cb707/librt-0.7.8-cp314-cp314-manylinux2014_aarch64.manylinux_2_17_aarch64.manylinux_2_28_aarch64.whl", hash = "sha256:b9122094e3f24aa759c38f46bd8863433820654927370250f460ae75488b66ea", size = 175614, upload-time = "2026-01-14T12:55:38.756Z" },
    { url = "https://files.pythonhosted.org/packages/db/01/5cbdde0951a5090a80e5ba44e6357d375048123c572a23eecfb9326993a7/librt-0.7.8-cp314-cp314-manylinux2014_x86_64.manylinux_2_17_x86_64.manylinux_2_28_x86_64.whl", hash = "sha256:7e03bea66af33c95ce3addf87a9bf1fcad8d33e757bc479957ddbc0e4f7207ac", size = 189955, upload-time = "2026-01-14T12:55:39.939Z" },
    { url = "https://files.pythonhosted.org/packages/6a/b4/e80528d2f4b7eaf1d437fcbd6fc6ba4cbeb3e2a0cb9ed5a79f47c7318706/librt-0.7.8-cp314-cp314-musllinux_1_2_aarch64.whl", hash = "sha256:f1ade7f31675db00b514b98f9ab9a7698c7282dad4be7492589109471852d398", size = 189370, upload-time = "2026-01-14T12:55:41.057Z" },
    { url = "https://files.pythonhosted.org/packages/c1/ab/938368f8ce31a9787ecd4becb1e795954782e4312095daf8fd22420227c8/librt-0.7.8-cp314-cp314-musllinux_1_2_i686.whl", hash = "sha256:a14229ac62adcf1b90a15992f1ab9c69ae8b99ffb23cb64a90878a6e8a2f5b81", size = 183224, upload-time = "2026-01-14T12:55:42.328Z" },
    { url = "https://files.pythonhosted.org/packages/3c/10/559c310e7a6e4014ac44867d359ef8238465fb499e7eb31b6bfe3e3f86f5/librt-0.7.8-cp314-cp314-musllinux_1_2_x86_64.whl", hash = "sha256:5bcaaf624fd24e6a0cb14beac37677f90793a96864c67c064a91458611446e83", size = 203541, upload-time = "2026-01-14T12:55:43.501Z" },
    { url = "https://files.pythonhosted.org/packages/f8/db/a0db7acdb6290c215f343835c6efda5b491bb05c3ddc675af558f50fdba3/librt-0.7.8-cp314-cp314-win32.whl", hash = "sha256:7aa7d5457b6c542ecaed79cec4ad98534373c9757383973e638ccced0f11f46d", size = 40657, upload-time = "2026-01-14T12:55:44.668Z" },
    { url = "https://files.pythonhosted.org/packages/72/e0/4f9bdc2a98a798511e81edcd6b54fe82767a715e05d1921115ac70717f6f/librt-0.7.8-cp314-cp314-win_amd64.whl", hash = "sha256:3d1322800771bee4a91f3b4bd4e49abc7d35e65166821086e5afd1e6c0d9be44", size = 46835, upload-time = "2026-01-14T12:55:45.655Z" },
    { url = "https://files.pythonhosted.org/packages/f9/3d/59c6402e3dec2719655a41ad027a7371f8e2334aa794ed11533ad5f34969/librt-0.7.8-cp314-cp314-win_arm64.whl", hash = "sha256:5363427bc6a8c3b1719f8f3845ea53553d301382928a86e8fab7984426949bce", size = 39885, upload-time = "2026-01-14T12:55:47.138Z" },
    { url = "https://files.pythonhosted.org/packages/4e/9c/2481d80950b83085fb14ba3c595db56330d21bbc7d88a19f20165f3538db/librt-0.7.8-cp314-cp314t-macosx_10_13_x86_64.whl", hash = "sha256:ca916919793a77e4a98d4a1701e345d337ce53be4a16620f063191f7322ac80f", size = 59161, upload-time = "2026-01-14T12:55:48.45Z" },
    { url = "https://files.pythonhosted.org/packages/96/79/108df2cfc4e672336765d54e3ff887294c1cc36ea4335c73588875775527/librt-0.7.8-cp314-cp314t-macosx_11_0_arm64.whl", hash = "sha256:54feb7b4f2f6706bb82325e836a01be805770443e2400f706e824e91f6441dde", size = 61008, upload-time = "2026-01-14T12:55:49.527Z" },
    { url = "https://files.pythonhosted.org/packages/46/f2/30179898f9994a5637459d6e169b6abdc982012c0a4b2d4c26f50c06f911/librt-0.7.8-cp314-cp314t-manylinux1_i686.manylinux_2_28_i686.manylinux_2_5_i686.whl", hash = "sha256:39a4c76fee41007070f872b648cc2f711f9abf9a13d0c7162478043377b52c8e", size = 187199, upload-time = "2026-01-14T12:55:50.587Z" },
    { url = "https://files.pythonhosted.org/packages/b4/da/f7563db55cebdc884f518ba3791ad033becc25ff68eb70902b1747dc0d70/librt-0.7.8-cp314-cp314t-manylinux2014_aarch64.manylinux_2_17_aarch64.manylinux_2_28_aarch64.whl", hash = "sha256:ac9c8a458245c7de80bc1b9765b177055efff5803f08e548dd4bb9ab9a8d789b", size = 198317, upload-time = "2026-01-14T12:55:51.991Z" },
    { url = "https://files.pythonhosted.org/packages/b3/6c/4289acf076ad371471fa86718c30ae353e690d3de6167f7db36f429272f1/librt-0.7.8-cp314-cp314t-manylinux2014_x86_64.manylinux_2_17_x86_64.manylinux_2_28_x86_64.whl", hash = "sha256:95b67aa7eff150f075fda09d11f6bfb26edffd300f6ab1666759547581e8f666", size = 210334, upload-time = "2026-01-14T12:55:53.682Z" },
    { url = "https://files.pythonhosted.org/packages/4a/7f/377521ac25b78ac0a5ff44127a0360ee6d5ddd3ce7327949876a30533daa/librt-0.7.8-cp314-cp314t-musllinux_1_2_aarch64.whl", hash = "sha256:535929b6eff670c593c34ff435d5440c3096f20fa72d63444608a5aef64dd581", size = 211031, upload-time = "2026-01-14T12:55:54.827Z" },
    { url = "https://files.pythonhosted.org/packages/c5/b1/e1e96c3e20b23d00cf90f4aad48f0deb4cdfec2f0ed8380d0d85acf98bbf/librt-0.7.8-cp314-cp314t-musllinux_1_2_i686.whl", hash = "sha256:63937bd0f4d1cb56653dc7ae900d6c52c41f0015e25aaf9902481ee79943b33a", size = 204581, upload-time = "2026-01-14T12:55:56.811Z" },
    { url = "https://files.pythonhosted.org/packages/43/71/0f5d010e92ed9747e14bef35e91b6580533510f1e36a8a09eb79ee70b2f0/librt-0.7.8-cp314-cp314t-musllinux_1_2_x86_64.whl", hash = "sha256:cf243da9e42d914036fd362ac3fa77d80a41cadcd11ad789b1b5eec4daaf67ca", size = 224731, upload-time = "2026-01-14T12:55:58.175Z" },
    { url = "https://files.pythonhosted.org/packages/22/f0/07fb6ab5c39a4ca9af3e37554f9d42f25c464829254d72e4ebbd81da351c/librt-0.7.8-cp314-cp314t-win32.whl", hash = "sha256:171ca3a0a06c643bd0a2f62a8944e1902c94aa8e5da4db1ea9a8daf872685365", size = 41173, upload-time = "2026-01-14T12:55:59.315Z" },
    { url = "https://files.pythonhosted.org/packages/24/d4/7e4be20993dc6a782639625bd2f97f3c66125c7aa80c82426956811cfccf/librt-0.7.8-cp314-cp314t-win_amd64.whl", hash = "sha256:445b7304145e24c60288a2f172b5ce2ca35c0f81605f5299f3fa567e189d2e32", size = 47668, upload-time = "2026-01-14T12:56:00.261Z" },
    { url = "https://files.pythonhosted.org/packages/fc/85/69f92b2a7b3c0f88ffe107c86b952b397004b5b8ea5a81da3d9c04c04422/librt-0.7.8-cp314-cp314t-win_arm64.whl", hash = "sha256:8766ece9de08527deabcd7cb1b4f1a967a385d26e33e536d6d8913db6ef74f06", size = 40550, upload-time = "2026-01-14T12:56:01.542Z" },
]

[[package]]
name = "lvsfunc"
version = "0.8.7"
source = { git = "https://github.com/Jaded-Encoding-Thaumaturgy/lvsfunc#93a575e707f730edd0773f7efb2161837158d352" }
dependencies = [
    { name = "numpy" },
    { name = "vapoursynth" },
    { name = "vsjetpack" },
]

[[package]]
name = "mypy"
version = "1.19.1"
source = { registry = "https://pypi.org/simple" }
dependencies = [
    { name = "librt", marker = "platform_python_implementation != 'PyPy'" },
    { name = "mypy-extensions" },
    { name = "pathspec" },
    { name = "typing-extensions" },
]
sdist = { url = "https://files.pythonhosted.org/packages/f5/db/4efed9504bc01309ab9c2da7e352cc223569f05478012b5d9ece38fd44d2/mypy-1.19.1.tar.gz", hash = "sha256:19d88bb05303fe63f71dd2c6270daca27cb9401c4ca8255fe50d1d920e0eb9ba", size = 3582404, upload-time = "2025-12-15T05:03:48.42Z" }
wheels = [
    { url = "https://files.pythonhosted.org/packages/de/9f/a6abae693f7a0c697dbb435aac52e958dc8da44e92e08ba88d2e42326176/mypy-1.19.1-cp313-cp313-macosx_10_13_x86_64.whl", hash = "sha256:e3157c7594ff2ef1634ee058aafc56a82db665c9438fd41b390f3bde1ab12250", size = 13201927, upload-time = "2025-12-15T05:02:29.138Z" },
    { url = "https://files.pythonhosted.org/packages/9a/a4/45c35ccf6e1c65afc23a069f50e2c66f46bd3798cbe0d680c12d12935caa/mypy-1.19.1-cp313-cp313-macosx_11_0_arm64.whl", hash = "sha256:bdb12f69bcc02700c2b47e070238f42cb87f18c0bc1fc4cdb4fb2bc5fd7a3b8b", size = 12206730, upload-time = "2025-12-15T05:03:01.325Z" },
    { url = "https://files.pythonhosted.org/packages/05/bb/cdcf89678e26b187650512620eec8368fded4cfd99cfcb431e4cdfd19dec/mypy-1.19.1-cp313-cp313-manylinux2014_aarch64.manylinux_2_17_aarch64.manylinux_2_28_aarch64.whl", hash = "sha256:f859fb09d9583a985be9a493d5cfc5515b56b08f7447759a0c5deaf68d80506e", size = 12724581, upload-time = "2025-12-15T05:03:20.087Z" },
    { url = "https://files.pythonhosted.org/packages/d1/32/dd260d52babf67bad8e6770f8e1102021877ce0edea106e72df5626bb0ec/mypy-1.19.1-cp313-cp313-manylinux2014_x86_64.manylinux_2_17_x86_64.manylinux_2_28_x86_64.whl", hash = "sha256:c9a6538e0415310aad77cb94004ca6482330fece18036b5f360b62c45814c4ef", size = 13616252, upload-time = "2025-12-15T05:02:49.036Z" },
    { url = "https://files.pythonhosted.org/packages/71/d0/5e60a9d2e3bd48432ae2b454b7ef2b62a960ab51292b1eda2a95edd78198/mypy-1.19.1-cp313-cp313-musllinux_1_2_x86_64.whl", hash = "sha256:da4869fc5e7f62a88f3fe0b5c919d1d9f7ea3cef92d3689de2823fd27e40aa75", size = 13840848, upload-time = "2025-12-15T05:02:55.95Z" },
    { url = "https://files.pythonhosted.org/packages/98/76/d32051fa65ecf6cc8c6610956473abdc9b4c43301107476ac03559507843/mypy-1.19.1-cp313-cp313-win_amd64.whl", hash = "sha256:016f2246209095e8eda7538944daa1d60e1e8134d98983b9fc1e92c1fc0cb8dd", size = 10135510, upload-time = "2025-12-15T05:02:58.438Z" },
    { url = "https://files.pythonhosted.org/packages/de/eb/b83e75f4c820c4247a58580ef86fcd35165028f191e7e1ba57128c52782d/mypy-1.19.1-cp314-cp314-macosx_10_15_x86_64.whl", hash = "sha256:06e6170bd5836770e8104c8fdd58e5e725cfeb309f0a6c681a811f557e97eac1", size = 13199744, upload-time = "2025-12-15T05:03:30.823Z" },
    { url = "https://files.pythonhosted.org/packages/94/28/52785ab7bfa165f87fcbb61547a93f98bb20e7f82f90f165a1f69bce7b3d/mypy-1.19.1-cp314-cp314-macosx_11_0_arm64.whl", hash = "sha256:804bd67b8054a85447c8954215a906d6eff9cabeabe493fb6334b24f4bfff718", size = 12215815, upload-time = "2025-12-15T05:02:42.323Z" },
    { url = "https://files.pythonhosted.org/packages/0a/c6/bdd60774a0dbfb05122e3e925f2e9e846c009e479dcec4821dad881f5b52/mypy-1.19.1-cp314-cp314-manylinux2014_aarch64.manylinux_2_17_aarch64.manylinux_2_28_aarch64.whl", hash = "sha256:21761006a7f497cb0d4de3d8ef4ca70532256688b0523eee02baf9eec895e27b", size = 12740047, upload-time = "2025-12-15T05:03:33.168Z" },
    { url = "https://files.pythonhosted.org/packages/32/2a/66ba933fe6c76bd40d1fe916a83f04fed253152f451a877520b3c4a5e41e/mypy-1.19.1-cp314-cp314-manylinux2014_x86_64.manylinux_2_17_x86_64.manylinux_2_28_x86_64.whl", hash = "sha256:28902ee51f12e0f19e1e16fbe2f8f06b6637f482c459dd393efddd0ec7f82045", size = 13601998, upload-time = "2025-12-15T05:03:13.056Z" },
    { url = "https://files.pythonhosted.org/packages/e3/da/5055c63e377c5c2418760411fd6a63ee2b96cf95397259038756c042574f/mypy-1.19.1-cp314-cp314-musllinux_1_2_x86_64.whl", hash = "sha256:481daf36a4c443332e2ae9c137dfee878fcea781a2e3f895d54bd3002a900957", size = 13807476, upload-time = "2025-12-15T05:03:17.977Z" },
    { url = "https://files.pythonhosted.org/packages/cd/09/4ebd873390a063176f06b0dbf1f7783dd87bd120eae7727fa4ae4179b685/mypy-1.19.1-cp314-cp314-win_amd64.whl", hash = "sha256:8bb5c6f6d043655e055be9b542aa5f3bdd30e4f3589163e85f93f3640060509f", size = 10281872, upload-time = "2025-12-15T05:03:05.549Z" },
    { url = "https://files.pythonhosted.org/packages/8d/f4/4ce9a05ce5ded1de3ec1c1d96cf9f9504a04e54ce0ed55cfa38619a32b8d/mypy-1.19.1-py3-none-any.whl", hash = "sha256:f1235f5ea01b7db5468d53ece6aaddf1ad0b88d9e7462b86ef96fe04995d7247", size = 2471239, upload-time = "2025-12-15T05:03:07.248Z" },
]

[[package]]
name = "mypy-extensions"
version = "1.1.0"
source = { registry = "https://pypi.org/simple" }
sdist = { url = "https://files.pythonhosted.org/packages/a2/6e/371856a3fb9d31ca8dac321cda606860fa4548858c0cc45d9d1d4ca2628b/mypy_extensions-1.1.0.tar.gz", hash = "sha256:52e68efc3284861e772bbcd66823fde5ae21fd2fdb51c62a211403730b916558", size = 6343, upload-time = "2025-04-22T14:54:24.164Z" }
wheels = [
    { url = "https://files.pythonhosted.org/packages/79/7b/2c79738432f5c924bef5071f933bcc9efd0473bac3b4aa584a6f7c1c8df8/mypy_extensions-1.1.0-py3-none-any.whl", hash = "sha256:1be4cccdb0f2482337c4743e60421de3a356cd97508abadd57d47403e94f5505", size = 4963, upload-time = "2025-04-22T14:54:22.983Z" },
]

[[package]]
name = "numpy"
version = "2.4.2"
source = { registry = "https://pypi.org/simple" }
sdist = { url = "https://files.pythonhosted.org/packages/57/fd/0005efbd0af48e55eb3c7208af93f2862d4b1a56cd78e84309a2d959208d/numpy-2.4.2.tar.gz", hash = "sha256:659a6107e31a83c4e33f763942275fd278b21d095094044eb35569e86a21ddae", size = 20723651, upload-time = "2026-01-31T23:13:10.135Z" }
wheels = [
    { url = "https://files.pythonhosted.org/packages/a1/22/815b9fe25d1d7ae7d492152adbc7226d3eff731dffc38fe970589fcaaa38/numpy-2.4.2-cp313-cp313-macosx_10_13_x86_64.whl", hash = "sha256:25f2059807faea4b077a2b6837391b5d830864b3543627f381821c646f31a63c", size = 16663696, upload-time = "2026-01-31T23:11:17.516Z" },
    { url = "https://files.pythonhosted.org/packages/09/f0/817d03a03f93ba9c6c8993de509277d84e69f9453601915e4a69554102a1/numpy-2.4.2-cp313-cp313-macosx_11_0_arm64.whl", hash = "sha256:bd3a7a9f5847d2fb8c2c6d1c862fa109c31a9abeca1a3c2bd5a64572955b2979", size = 14688322, upload-time = "2026-01-31T23:11:19.883Z" },
    { url = "https://files.pythonhosted.org/packages/da/b4/f805ab79293c728b9a99438775ce51885fd4f31b76178767cfc718701a39/numpy-2.4.2-cp313-cp313-macosx_14_0_arm64.whl", hash = "sha256:8e4549f8a3c6d13d55041925e912bfd834285ef1dd64d6bc7d542583355e2e98", size = 5198157, upload-time = "2026-01-31T23:11:22.375Z" },
    { url = "https://files.pythonhosted.org/packages/74/09/826e4289844eccdcd64aac27d13b0fd3f32039915dd5b9ba01baae1f436c/numpy-2.4.2-cp313-cp313-macosx_14_0_x86_64.whl", hash = "sha256:aea4f66ff44dfddf8c2cffd66ba6538c5ec67d389285292fe428cb2c738c8aef", size = 6546330, upload-time = "2026-01-31T23:11:23.958Z" },
    { url = "https://files.pythonhosted.org/packages/19/fb/cbfdbfa3057a10aea5422c558ac57538e6acc87ec1669e666d32ac198da7/numpy-2.4.2-cp313-cp313-manylinux_2_27_aarch64.manylinux_2_28_aarch64.whl", hash = "sha256:c3cd545784805de05aafe1dde61752ea49a359ccba9760c1e5d1c88a93bbf2b7", size = 15660968, upload-time = "2026-01-31T23:11:25.713Z" },
    { url = "https://files.pythonhosted.org/packages/04/dc/46066ce18d01645541f0186877377b9371b8fa8017fa8262002b4ef22612/numpy-2.4.2-cp313-cp313-manylinux_2_27_x86_64.manylinux_2_28_x86_64.whl", hash = "sha256:d0d9b7c93578baafcbc5f0b83eaf17b79d345c6f36917ba0c67f45226911d499", size = 16607311, upload-time = "2026-01-31T23:11:28.117Z" },
    { url = "https://files.pythonhosted.org/packages/14/d9/4b5adfc39a43fa6bf918c6d544bc60c05236cc2f6339847fc5b35e6cb5b0/numpy-2.4.2-cp313-cp313-musllinux_1_2_aarch64.whl", hash = "sha256:f74f0f7779cc7ae07d1810aab8ac6b1464c3eafb9e283a40da7309d5e6e48fbb", size = 17012850, upload-time = "2026-01-31T23:11:30.888Z" },
    { url = "https://files.pythonhosted.org/packages/b7/20/adb6e6adde6d0130046e6fdfb7675cc62bc2f6b7b02239a09eb58435753d/numpy-2.4.2-cp313-cp313-musllinux_1_2_x86_64.whl", hash = "sha256:c7ac672d699bf36275c035e16b65539931347d68b70667d28984c9fb34e07fa7", size = 18334210, upload-time = "2026-01-31T23:11:33.214Z" },
    { url = "https://files.pythonhosted.org/packages/78/0e/0a73b3dff26803a8c02baa76398015ea2a5434d9b8265a7898a6028c1591/numpy-2.4.2-cp313-cp313-win32.whl", hash = "sha256:8e9afaeb0beff068b4d9cd20d322ba0ee1cecfb0b08db145e4ab4dd44a6b5110", size = 5958199, upload-time = "2026-01-31T23:11:35.385Z" },
    { url = "https://files.pythonhosted.org/packages/43/bc/6352f343522fcb2c04dbaf94cb30cca6fd32c1a750c06ad6231b4293708c/numpy-2.4.2-cp313-cp313-win_amd64.whl", hash = "sha256:7df2de1e4fba69a51c06c28f5a3de36731eb9639feb8e1cf7e4a7b0daf4cf622", size = 12310848, upload-time = "2026-01-31T23:11:38.001Z" },
    { url = "https://files.pythonhosted.org/packages/6e/8d/6da186483e308da5da1cc6918ce913dcfe14ffde98e710bfeff2a6158d4e/numpy-2.4.2-cp313-cp313-win_arm64.whl", hash = "sha256:0fece1d1f0a89c16b03442eae5c56dc0be0c7883b5d388e0c03f53019a4bfd71", size = 10221082, upload-time = "2026-01-31T23:11:40.392Z" },
    { url = "https://files.pythonhosted.org/packages/25/a1/9510aa43555b44781968935c7548a8926274f815de42ad3997e9e83680dd/numpy-2.4.2-cp313-cp313t-macosx_11_0_arm64.whl", hash = "sha256:5633c0da313330fd20c484c78cdd3f9b175b55e1a766c4a174230c6b70ad8262", size = 14815866, upload-time = "2026-01-31T23:11:42.495Z" },
    { url = "https://files.pythonhosted.org/packages/36/30/6bbb5e76631a5ae46e7923dd16ca9d3f1c93cfa8d4ed79a129814a9d8db3/numpy-2.4.2-cp313-cp313t-macosx_14_0_arm64.whl", hash = "sha256:d9f64d786b3b1dd742c946c42d15b07497ed14af1a1f3ce840cce27daa0ce913", size = 5325631, upload-time = "2026-01-31T23:11:44.7Z" },
    { url = "https://files.pythonhosted.org/packages/46/00/3a490938800c1923b567b3a15cd17896e68052e2145d8662aaf3e1ffc58f/numpy-2.4.2-cp313-cp313t-macosx_14_0_x86_64.whl", hash = "sha256:b21041e8cb6a1eb5312dd1d2f80a94d91efffb7a06b70597d44f1bd2dfc315ab", size = 6646254, upload-time = "2026-01-31T23:11:46.341Z" },
    { url = "https://files.pythonhosted.org/packages/d3/e9/fac0890149898a9b609caa5af7455a948b544746e4b8fe7c212c8edd71f8/numpy-2.4.2-cp313-cp313t-manylinux_2_27_aarch64.manylinux_2_28_aarch64.whl", hash = "sha256:00ab83c56211a1d7c07c25e3217ea6695e50a3e2f255053686b081dc0b091a82", size = 15720138, upload-time = "2026-01-31T23:11:48.082Z" },
    { url = "https://files.pythonhosted.org/packages/ea/5c/08887c54e68e1e28df53709f1893ce92932cc6f01f7c3d4dc952f61ffd4e/numpy-2.4.2-cp313-cp313t-manylinux_2_27_x86_64.manylinux_2_28_x86_64.whl", hash = "sha256:2fb882da679409066b4603579619341c6d6898fc83a8995199d5249f986e8e8f", size = 16655398, upload-time = "2026-01-31T23:11:50.293Z" },
    { url = "https://files.pythonhosted.org/packages/4d/89/253db0fa0e66e9129c745e4ef25631dc37d5f1314dad2b53e907b8538e6d/numpy-2.4.2-cp313-cp313t-musllinux_1_2_aarch64.whl", hash = "sha256:66cb9422236317f9d44b67b4d18f44efe6e9c7f8794ac0462978513359461554", size = 17079064, upload-time = "2026-01-31T23:11:52.927Z" },
    { url = "https://files.pythonhosted.org/packages/2a/d5/cbade46ce97c59c6c3da525e8d95b7abe8a42974a1dc5c1d489c10433e88/numpy-2.4.2-cp313-cp313t-musllinux_1_2_x86_64.whl", hash = "sha256:0f01dcf33e73d80bd8dc0f20a71303abbafa26a19e23f6b68d1aa9990af90257", size = 18379680, upload-time = "2026-01-31T23:11:55.22Z" },
    { url = "https://files.pythonhosted.org/packages/40/62/48f99ae172a4b63d981babe683685030e8a3df4f246c893ea5c6ef99f018/numpy-2.4.2-cp313-cp313t-win32.whl", hash = "sha256:52b913ec40ff7ae845687b0b34d8d93b60cb66dcee06996dd5c99f2fc9328657", size = 6082433, upload-time = "2026-01-31T23:11:58.096Z" },
    { url = "https://files.pythonhosted.org/packages/07/38/e054a61cfe48ad9f1ed0d188e78b7e26859d0b60ef21cd9de4897cdb5326/numpy-2.4.2-cp313-cp313t-win_amd64.whl", hash = "sha256:5eea80d908b2c1f91486eb95b3fb6fab187e569ec9752ab7d9333d2e66bf2d6b", size = 12451181, upload-time = "2026-01-31T23:11:59.782Z" },
    { url = "https://files.pythonhosted.org/packages/6e/a4/a05c3a6418575e185dd84d0b9680b6bb2e2dc3e4202f036b7b4e22d6e9dc/numpy-2.4.2-cp313-cp313t-win_arm64.whl", hash = "sha256:fd49860271d52127d61197bb50b64f58454e9f578cb4b2c001a6de8b1f50b0b1", size = 10290756, upload-time = "2026-01-31T23:12:02.438Z" },
    { url = "https://files.pythonhosted.org/packages/18/88/b7df6050bf18fdcfb7046286c6535cabbdd2064a3440fca3f069d319c16e/numpy-2.4.2-cp314-cp314-macosx_10_15_x86_64.whl", hash = "sha256:444be170853f1f9d528428eceb55f12918e4fda5d8805480f36a002f1415e09b", size = 16663092, upload-time = "2026-01-31T23:12:04.521Z" },
    { url = "https://files.pythonhosted.org/packages/25/7a/1fee4329abc705a469a4afe6e69b1ef7e915117747886327104a8493a955/numpy-2.4.2-cp314-cp314-macosx_11_0_arm64.whl", hash = "sha256:d1240d50adff70c2a88217698ca844723068533f3f5c5fa6ee2e3220e3bdb000", size = 14698770, upload-time = "2026-01-31T23:12:06.96Z" },
    { url = "https://files.pythonhosted.org/packages/fb/0b/f9e49ba6c923678ad5bc38181c08ac5e53b7a5754dbca8e581aa1a56b1ff/numpy-2.4.2-cp314-cp314-macosx_14_0_arm64.whl", hash = "sha256:7cdde6de52fb6664b00b056341265441192d1291c130e99183ec0d4b110ff8b1", size = 5208562, upload-time = "2026-01-31T23:12:09.632Z" },
    { url = "https://files.pythonhosted.org/packages/7d/12/d7de8f6f53f9bb76997e5e4c069eda2051e3fe134e9181671c4391677bb2/numpy-2.4.2-cp314-cp314-macosx_14_0_x86_64.whl", hash = "sha256:cda077c2e5b780200b6b3e09d0b42205a3d1c68f30c6dceb90401c13bff8fe74", size = 6543710, upload-time = "2026-01-31T23:12:11.969Z" },
    { url = "https://files.pythonhosted.org/packages/09/63/c66418c2e0268a31a4cf8a8b512685748200f8e8e8ec6c507ce14e773529/numpy-2.4.2-cp314-cp314-manylinux_2_27_aarch64.manylinux_2_28_aarch64.whl", hash = "sha256:d30291931c915b2ab5717c2974bb95ee891a1cf22ebc16a8006bd59cd210d40a", size = 15677205, upload-time = "2026-01-31T23:12:14.33Z" },
    { url = "https://files.pythonhosted.org/packages/5d/6c/7f237821c9642fb2a04d2f1e88b4295677144ca93285fd76eff3bcba858d/numpy-2.4.2-cp314-cp314-manylinux_2_27_x86_64.manylinux_2_28_x86_64.whl", hash = "sha256:bba37bc29d4d85761deed3954a1bc62be7cf462b9510b51d367b769a8c8df325", size = 16611738, upload-time = "2026-01-31T23:12:16.525Z" },
    { url = "https://files.pythonhosted.org/packages/c2/a7/39c4cdda9f019b609b5c473899d87abff092fc908cfe4d1ecb2fcff453b0/numpy-2.4.2-cp314-cp314-musllinux_1_2_aarch64.whl", hash = "sha256:b2f0073ed0868db1dcd86e052d37279eef185b9c8db5bf61f30f46adac63c909", size = 17028888, upload-time = "2026-01-31T23:12:19.306Z" },
    { url = "https://files.pythonhosted.org/packages/da/b3/e84bb64bdfea967cc10950d71090ec2d84b49bc691df0025dddb7c26e8e3/numpy-2.4.2-cp314-cp314-musllinux_1_2_x86_64.whl", hash = "sha256:7f54844851cdb630ceb623dcec4db3240d1ac13d4990532446761baede94996a", size = 18339556, upload-time = "2026-01-31T23:12:21.816Z" },
    { url = "https://files.pythonhosted.org/packages/88/f5/954a291bc1192a27081706862ac62bb5920fbecfbaa302f64682aa90beed/numpy-2.4.2-cp314-cp314-win32.whl", hash = "sha256:12e26134a0331d8dbd9351620f037ec470b7c75929cb8a1537f6bfe411152a1a", size = 6006899, upload-time = "2026-01-31T23:12:24.14Z" },
    { url = "https://files.pythonhosted.org/packages/05/cb/eff72a91b2efdd1bc98b3b8759f6a1654aa87612fc86e3d87d6fe4f948c4/numpy-2.4.2-cp314-cp314-win_amd64.whl", hash = "sha256:068cdb2d0d644cdb45670810894f6a0600797a69c05f1ac478e8d31670b8ee75", size = 12443072, upload-time = "2026-01-31T23:12:26.33Z" },
    { url = "https://files.pythonhosted.org/packages/37/75/62726948db36a56428fce4ba80a115716dc4fad6a3a4352487f8bb950966/numpy-2.4.2-cp314-cp314-win_arm64.whl", hash = "sha256:6ed0be1ee58eef41231a5c943d7d1375f093142702d5723ca2eb07db9b934b05", size = 10494886, upload-time = "2026-01-31T23:12:28.488Z" },
    { url = "https://files.pythonhosted.org/packages/36/2f/ee93744f1e0661dc267e4b21940870cabfae187c092e1433b77b09b50ac4/numpy-2.4.2-cp314-cp314t-macosx_11_0_arm64.whl", hash = "sha256:98f16a80e917003a12c0580f97b5f875853ebc33e2eaa4bccfc8201ac6869308", size = 14818567, upload-time = "2026-01-31T23:12:30.709Z" },
    { url = "https://files.pythonhosted.org/packages/a7/24/6535212add7d76ff938d8bdc654f53f88d35cddedf807a599e180dcb8e66/numpy-2.4.2-cp314-cp314t-macosx_14_0_arm64.whl", hash = "sha256:20abd069b9cda45874498b245c8015b18ace6de8546bf50dfa8cea1696ed06ef", size = 5328372, upload-time = "2026-01-31T23:12:32.962Z" },
    { url = "https://files.pythonhosted.org/packages/5e/9d/c48f0a035725f925634bf6b8994253b43f2047f6778a54147d7e213bc5a7/numpy-2.4.2-cp314-cp314t-macosx_14_0_x86_64.whl", hash = "sha256:e98c97502435b53741540a5717a6749ac2ada901056c7db951d33e11c885cc7d", size = 6649306, upload-time = "2026-01-31T23:12:34.797Z" },
    { url = "https://files.pythonhosted.org/packages/81/05/7c73a9574cd4a53a25907bad38b59ac83919c0ddc8234ec157f344d57d9a/numpy-2.4.2-cp314-cp314t-manylinux_2_27_aarch64.manylinux_2_28_aarch64.whl", hash = "sha256:da6cad4e82cb893db4b69105c604d805e0c3ce11501a55b5e9f9083b47d2ffe8", size = 15722394, upload-time = "2026-01-31T23:12:36.565Z" },
    { url = "https://files.pythonhosted.org/packages/35/fa/4de10089f21fc7d18442c4a767ab156b25c2a6eaf187c0db6d9ecdaeb43f/numpy-2.4.2-cp314-cp314t-manylinux_2_27_x86_64.manylinux_2_28_x86_64.whl", hash = "sha256:9e4424677ce4b47fe73c8b5556d876571f7c6945d264201180db2dc34f676ab5", size = 16653343, upload-time = "2026-01-31T23:12:39.188Z" },
    { url = "https://files.pythonhosted.org/packages/b8/f9/d33e4ffc857f3763a57aa85650f2e82486832d7492280ac21ba9efda80da/numpy-2.4.2-cp314-cp314t-musllinux_1_2_aarch64.whl", hash = "sha256:2b8f157c8a6f20eb657e240f8985cc135598b2b46985c5bccbde7616dc9c6b1e", size = 17078045, upload-time = "2026-01-31T23:12:42.041Z" },
    { url = "https://files.pythonhosted.org/packages/c8/b8/54bdb43b6225badbea6389fa038c4ef868c44f5890f95dd530a218706da3/numpy-2.4.2-cp314-cp314t-musllinux_1_2_x86_64.whl", hash = "sha256:5daf6f3914a733336dab21a05cdec343144600e964d2fcdabaac0c0269874b2a", size = 18380024, upload-time = "2026-01-31T23:12:44.331Z" },
    { url = "https://files.pythonhosted.org/packages/a5/55/6e1a61ded7af8df04016d81b5b02daa59f2ea9252ee0397cb9f631efe9e5/numpy-2.4.2-cp314-cp314t-win32.whl", hash = "sha256:8c50dd1fc8826f5b26a5ee4d77ca55d88a895f4e4819c7ecc2a9f5905047a443", size = 6153937, upload-time = "2026-01-31T23:12:47.229Z" },
    { url = "https://files.pythonhosted.org/packages/45/aa/fa6118d1ed6d776b0983f3ceac9b1a5558e80df9365b1c3aa6d42bf9eee4/numpy-2.4.2-cp314-cp314t-win_amd64.whl", hash = "sha256:fcf92bee92742edd401ba41135185866f7026c502617f422eb432cfeca4fe236", size = 12631844, upload-time = "2026-01-31T23:12:48.997Z" },
    { url = "https://files.pythonhosted.org/packages/32/0a/2ec5deea6dcd158f254a7b372fb09cfba5719419c8d66343bab35237b3fb/numpy-2.4.2-cp314-cp314t-win_arm64.whl", hash = "sha256:1f92f53998a17265194018d1cc321b2e96e900ca52d54c7c77837b71b9465181", size = 10565379, upload-time = "2026-01-31T23:12:51.345Z" },
]

[[package]]
name = "pathspec"
version = "1.0.4"
source = { registry = "https://pypi.org/simple" }
sdist = { url = "https://files.pythonhosted.org/packages/fa/36/e27608899f9b8d4dff0617b2d9ab17ca5608956ca44461ac14ac48b44015/pathspec-1.0.4.tar.gz", hash = "sha256:0210e2ae8a21a9137c0d470578cb0e595af87edaa6ebf12ff176f14a02e0e645", size = 131200, upload-time = "2026-01-27T03:59:46.938Z" }
wheels = [
    { url = "https://files.pythonhosted.org/packages/ef/3c/2c197d226f9ea224a9ab8d197933f9da0ae0aac5b6e0f884e2b8d9c8e9f7/pathspec-1.0.4-py3-none-any.whl", hash = "sha256:fb6ae2fd4e7c921a165808a552060e722767cfa526f99ca5156ed2ce45a5c723", size = 55206, upload-time = "2026-01-27T03:59:45.137Z" },
]

[[package]]
name = "pytimeconv"
version = "0.0.2"
source = { registry = "https://pypi.org/simple" }
sdist = { url = "https://files.pythonhosted.org/packages/cb/f5/b15883838fc40fa8acded2cfee5916c711f41654f39d885b656b7f1660f4/pytimeconv-0.0.2.tar.gz", hash = "sha256:7c0bf0919cabe9358383c515132e0711f53692f12378114fc6b17f6664274b4e", size = 3295, upload-time = "2021-10-29T20:43:14.867Z" }
wheels = [
    { url = "https://files.pythonhosted.org/packages/f6/5c/49cb58fd843c35d06445303d79275b797a969116123d22e90a48de9859d1/pytimeconv-0.0.2-py3-none-any.whl", hash = "sha256:8b6963048d9eab15ecb141fd56fe88d777c00ede92caebc6d5b5d5e1cbacadbb", size = 3759, upload-time = "2021-10-29T20:43:13.292Z" },
]

[[package]]
name = "ruff"
version = "0.15.2"
source = { registry = "https://pypi.org/simple" }
sdist = { url = "https://files.pythonhosted.org/packages/06/04/eab13a954e763b0606f460443fcbf6bb5a0faf06890ea3754ff16523dce5/ruff-0.15.2.tar.gz", hash = "sha256:14b965afee0969e68bb871eba625343b8673375f457af4abe98553e8bbb98342", size = 4558148, upload-time = "2026-02-19T22:32:20.271Z" }
wheels = [
    { url = "https://files.pythonhosted.org/packages/2f/70/3a4dc6d09b13cb3e695f28307e5d889b2e1a66b7af9c5e257e796695b0e6/ruff-0.15.2-py3-none-linux_armv6l.whl", hash = "sha256:120691a6fdae2f16d65435648160f5b81a9625288f75544dc40637436b5d3c0d", size = 10430565, upload-time = "2026-02-19T22:32:41.824Z" },
    { url = "https://files.pythonhosted.org/packages/71/0b/bb8457b56185ece1305c666dc895832946d24055be90692381c31d57466d/ruff-0.15.2-py3-none-macosx_10_12_x86_64.whl", hash = "sha256:a89056d831256099658b6bba4037ac6dd06f49d194199215befe2bb10457ea5e", size = 10820354, upload-time = "2026-02-19T22:32:07.366Z" },
    { url = "https://files.pythonhosted.org/packages/2d/c1/e0532d7f9c9e0b14c46f61b14afd563298b8b83f337b6789ddd987e46121/ruff-0.15.2-py3-none-macosx_11_0_arm64.whl", hash = "sha256:e36dee3a64be0ebd23c86ffa3aa3fd3ac9a712ff295e192243f814a830b6bd87", size = 10170767, upload-time = "2026-02-19T22:32:13.188Z" },
    { url = "https://files.pythonhosted.org/packages/47/e8/da1aa341d3af017a21c7a62fb5ec31d4e7ad0a93ab80e3a508316efbcb23/ruff-0.15.2-py3-none-manylinux_2_17_aarch64.manylinux2014_aarch64.whl", hash = "sha256:a9fb47b6d9764677f8c0a193c0943ce9a05d6763523f132325af8a858eadc2b9", size = 10529591, upload-time = "2026-02-19T22:32:02.547Z" },
    { url = "https://files.pythonhosted.org/packages/93/74/184fbf38e9f3510231fbc5e437e808f0b48c42d1df9434b208821efcd8d6/ruff-0.15.2-py3-none-manylinux_2_17_armv7l.manylinux2014_armv7l.whl", hash = "sha256:f376990f9d0d6442ea9014b19621d8f2aaf2b8e39fdbfc79220b7f0c596c9b80", size = 10260771, upload-time = "2026-02-19T22:32:36.938Z" },
    { url = "https://files.pythonhosted.org/packages/05/ac/605c20b8e059a0bc4b42360414baa4892ff278cec1c91fff4be0dceedefd/ruff-0.15.2-py3-none-manylinux_2_17_i686.manylinux2014_i686.whl", hash = "sha256:2dcc987551952d73cbf5c88d9fdee815618d497e4df86cd4c4824cc59d5dd75f", size = 11045791, upload-time = "2026-02-19T22:32:31.642Z" },
    { url = "https://files.pythonhosted.org/packages/fd/52/db6e419908f45a894924d410ac77d64bdd98ff86901d833364251bd08e22/ruff-0.15.2-py3-none-manylinux_2_17_ppc64le.manylinux2014_ppc64le.whl", hash = "sha256:42a47fd785cbe8c01b9ff45031af875d101b040ad8f4de7bbb716487c74c9a77", size = 11879271, upload-time = "2026-02-19T22:32:29.305Z" },
    { url = "https://files.pythonhosted.org/packages/3e/d8/7992b18f2008bdc9231d0f10b16df7dda964dbf639e2b8b4c1b4e91b83af/ruff-0.15.2-py3-none-manylinux_2_17_s390x.manylinux2014_s390x.whl", hash = "sha256:cbe9f49354866e575b4c6943856989f966421870e85cd2ac94dccb0a9dcb2fea", size = 11303707, upload-time = "2026-02-19T22:32:22.492Z" },
    { url = "https://files.pythonhosted.org/packages/d7/02/849b46184bcfdd4b64cde61752cc9a146c54759ed036edd11857e9b8443b/ruff-0.15.2-py3-none-manylinux_2_17_x86_64.manylinux2014_x86_64.whl", hash = "sha256:b7a672c82b5f9887576087d97be5ce439f04bbaf548ee987b92d3a7dede41d3a", size = 11149151, upload-time = "2026-02-19T22:32:44.234Z" },
    { url = "https://files.pythonhosted.org/packages/70/04/f5284e388bab60d1d3b99614a5a9aeb03e0f333847e2429bebd2aaa1feec/ruff-0.15.2-py3-none-manylinux_2_31_riscv64.whl", hash = "sha256:72ecc64f46f7019e2bcc3cdc05d4a7da958b629a5ab7033195e11a438403d956", size = 11091132, upload-time = "2026-02-19T22:32:24.691Z" },
    { url = "https://files.pythonhosted.org/packages/fa/ae/88d844a21110e14d92cf73d57363fab59b727ebeabe78009b9ccb23500af/ruff-0.15.2-py3-none-musllinux_1_2_aarch64.whl", hash = "sha256:8dcf243b15b561c655c1ef2f2b0050e5d50db37fe90115507f6ff37d865dc8b4", size = 10504717, upload-time = "2026-02-19T22:32:26.75Z" },
    { url = "https://files.pythonhosted.org/packages/64/27/867076a6ada7f2b9c8292884ab44d08fd2ba71bd2b5364d4136f3cd537e1/ruff-0.15.2-py3-none-musllinux_1_2_armv7l.whl", hash = "sha256:dab6941c862c05739774677c6273166d2510d254dac0695c0e3f5efa1b5585de", size = 10263122, upload-time = "2026-02-19T22:32:10.036Z" },
    { url = "https://files.pythonhosted.org/packages/e7/ef/faf9321d550f8ebf0c6373696e70d1758e20ccdc3951ad7af00c0956be7c/ruff-0.15.2-py3-none-musllinux_1_2_i686.whl", hash = "sha256:1b9164f57fc36058e9a6806eb92af185b0697c9fe4c7c52caa431c6554521e5c", size = 10735295, upload-time = "2026-02-19T22:32:39.227Z" },
    { url = "https://files.pythonhosted.org/packages/2f/55/e8089fec62e050ba84d71b70e7834b97709ca9b7aba10c1a0b196e493f97/ruff-0.15.2-py3-none-musllinux_1_2_x86_64.whl", hash = "sha256:80d24fcae24d42659db7e335b9e1531697a7102c19185b8dc4a028b952865fd8", size = 11241641, upload-time = "2026-02-19T22:32:34.617Z" },
    { url = "https://files.pythonhosted.org/packages/23/01/1c30526460f4d23222d0fabd5888868262fd0e2b71a00570ca26483cd993/ruff-0.15.2-py3-none-win32.whl", hash = "sha256:fd5ff9e5f519a7e1bd99cbe8daa324010a74f5e2ebc97c6242c08f26f3714f6f", size = 10507885, upload-time = "2026-02-19T22:32:15.635Z" },
    { url = "https://files.pythonhosted.org/packages/5c/10/3d18e3bbdf8fc50bbb4ac3cc45970aa5a9753c5cb51bf9ed9a3cd8b79fa3/ruff-0.15.2-py3-none-win_amd64.whl", hash = "sha256:d20014e3dfa400f3ff84830dfb5755ece2de45ab62ecea4af6b7262d0fb4f7c5", size = 11623725, upload-time = "2026-02-19T22:32:04.947Z" },
    { url = "https://files.pythonhosted.org/packages/6d/78/097c0798b1dab9f8affe73da9642bb4500e098cb27fd8dc9724816ac747b/ruff-0.15.2-py3-none-win_arm64.whl", hash = "sha256:cabddc5822acdc8f7b5527b36ceac55cc51eec7b1946e60181de8fe83ca8876e", size = 10941649, upload-time = "2026-02-19T22:32:18.108Z" },
]

[[package]]
name = "typing-extensions"
version = "4.15.0"
source = { registry = "https://pypi.org/simple" }
sdist = { url = "https://files.pythonhosted.org/packages/72/94/1a15dd82efb362ac84269196e94cf00f187f7ed21c242792a923cdb1c61f/typing_extensions-4.15.0.tar.gz", hash = "sha256:0cea48d173cc12fa28ecabc3b837ea3cf6f38c6d1136f85cbaaf598984861466", size = 109391, upload-time = "2025-08-25T13:49:26.313Z" }
wheels = [
    { url = "https://files.pythonhosted.org/packages/18/67/36e9267722cc04a6b9f15c7f3441c2363321a3ea07da7ae0c0707beb2a9c/typing_extensions-4.15.0-py3-none-any.whl", hash = "sha256:f0fa19c6845758ab08074a0cfa8b7aecb71c999ca73d62883bc25cc018c4e548", size = 44614, upload-time = "2025-08-25T13:49:24.86Z" },
]

[[package]]
name = "vapoursynth"
version = "73"
source = { registry = "https://pypi.org/simple" }
sdist = { url = "https://files.pythonhosted.org/packages/40/29/85866b3c00b9f7e4b34007da02e2db286cc39370a0823108ce204ea5cc6b/vapoursynth-73.tar.gz", hash = "sha256:d52b29f37617a594c5dd1580e7831a08800d5fb5ae8fc8e833fa70bdf1178cc3", size = 67402, upload-time = "2025-11-24T16:58:32.223Z" }
wheels = [
    { url = "https://files.pythonhosted.org/packages/73/e2/d621d4d4076277b98a244c38eb4bc3790fda3a3c66e5165fca4f6c2317a3/vapoursynth-73-cp312-abi3-win_amd64.whl", hash = "sha256:6f6543b2e3b62be14d23145ad8d14319b1eaf56cb9babd8fae2068411d31bc72", size = 1089499, upload-time = "2025-11-24T16:58:28.9Z" },
]

[[package]]
name = "vardefunc"
source = { editable = "." }
dependencies = [
    { name = "numpy" },
    { name = "pytimeconv" },
    { name = "vapoursynth" },
    { name = "vsjetpack" },
]

[package.optional-dependencies]
comp = [
    { name = "lvsfunc" },
]

[package.dev-dependencies]
dev = [
    { name = "mypy" },
    { name = "ruff" },
]

[package.metadata]
requires-dist = [
    { name = "lvsfunc", marker = "extra == 'comp'", git = "https://github.com/Jaded-Encoding-Thaumaturgy/lvsfunc" },
    { name = "numpy", specifier = ">=2.0.0" },
    { name = "pytimeconv", specifier = ">=0.0.2" },
    { name = "vapoursynth", specifier = ">=69" },
    { name = "vsjetpack", specifier = "~=1.1.0" },
]
provides-extras = ["comp"]

[package.metadata.requires-dev]
dev = [
    { name = "mypy", specifier = "==1.19.1" },
    { name = "ruff", specifier = "==0.15.2" },
]

[[package]]
name = "vsjetpack"
version = "1.1.0"
source = { registry = "https://pypi.org/simple" }
dependencies = [
    { name = "jetpytools" },
    { name = "numpy" },
    { name = "vapoursynth" },
]
sdist = { url = "https://files.pythonhosted.org/packages/40/04/4ed916c3a59c409f465950169d741d6182aa4e46782a65873a08e5ad6d18/vsjetpack-1.1.0.tar.gz", hash = "sha256:922dc9b16d4942cda4d80d540af61ee6d5ce2704ee2af02cf8c07d01b94fc6a3", size = 370282, upload-time = "2026-01-27T19:47:03.832Z" }
wheels = [
    { url = "https://files.pythonhosted.org/packages/39/1c/8dac7e6b551f5cbe36bdad25e658c393c46988db2af43bb3be0be6bd2c49/vsjetpack-1.1.0-py3-none-any.whl", hash = "sha256:8d3885de680990141e8e9942629ef60a3170eb2b424779edd47a12635e788989", size = 406573, upload-time = "2026-01-27T19:47:02.1Z" },
]
