version = 1
revision = 3
requires-python = ">=3.13"

[[package]]
name = "jetpytools"
version = "2.2.5"
source = { registry = "https://pypi.org/simple" }
sdist = { url = "https://files.pythonhosted.org/packages/a3/d7/bc9af7784e52e7c755707b6495d8256ea434663c6f1615dd65ddf94e198d/jetpytools-2.2.5.tar.gz", hash = "sha256:e6c2cf2edc3e148b8ab76c01a98ac8e2f13734aa726fafd041f5a5468b48b4c4", size = 28216, upload-time = "2026-01-23T18:19:58.292Z" }
wheels = [
    { url = "https://files.pythonhosted.org/packages/b0/60/8b78677077292be302ac84284987565a804ad25420cb08474b7405a70670/jetpytools-2.2.5-py3-none-any.whl", hash = "sha256:5fec12c798d12e7f4c3b7e4916303d382b82293e71d6f9aba59e729e00626bc4", size = 32333, upload-time = "2026-01-23T18:19:56.932Z" },
]

[[package]]
name = "librt"
version = "0.8.1"
source = { registry = "https://pypi.org/simple" }
sdist = { url = "https://files.pythonhosted.org/packages/56/9c/b4b0c54d84da4a94b37bd44151e46d5e583c9534c7e02250b961b1b6d8a8/librt-0.8.1.tar.gz", hash = "sha256:be46a14693955b3bd96014ccbdb8339ee8c9346fbe11c1b78901b55125f14c73", size = 177471, upload-time = "2026-02-17T16:13:06.101Z" }
wheels = [
    { url = "https://files.pythonhosted.org/packages/c5/3c/f614c8e4eaac7cbf2bbdf9528790b21d89e277ee20d57dc6e559c626105f/librt-0.8.1-cp313-cp313-macosx_10_13_x86_64.whl", hash = "sha256:7e6bad1cd94f6764e1e21950542f818a09316645337fd5ab9a7acc45d99a8f35", size = 66529, upload-time = "2026-02-17T16:11:57.809Z" },
    { url = "https://files.pythonhosted.org/packages/ab/96/5836544a45100ae411eda07d29e3d99448e5258b6e9c8059deb92945f5c2/librt-0.8.1-cp313-cp313-macosx_11_0_arm64.whl", hash = "sha256:cf450f498c30af55551ba4f66b9123b7185362ec8b625a773b3d39aa1a717583", size = 68669, upload-time = "2026-02-17T16:11:58.843Z" },
    { url = "https://files.pythonhosted.org/packages/06/53/f0b992b57af6d5531bf4677d75c44f095f2366a1741fb695ee462ae04b05/librt-0.8.1-cp313-cp313-manylinux1_i686.manylinux_2_28_i686.manylinux_2_5_i686.whl", hash = "sha256:eca45e982fa074090057132e30585a7e8674e9e885d402eae85633e9f449ce6c", size = 199279, upload-time = "2026-02-17T16:11:59.862Z" },
    { url = "https://files.pythonhosted.org/packages/f3/ad/4848cc16e268d14280d8168aee4f31cea92bbd2b79ce33d3e166f2b4e4fc/librt-0.8.1-cp313-cp313-manylinux2014_aarch64.manylinux_2_17_aarch64.manylinux_2_28_aarch64.whl", hash = "sha256:0c3811485fccfda840861905b8c70bba5ec094e02825598bb9d4ca3936857a04", size = 210288, upload-time = "2026-02-17T16:12:00.954Z" },
    { url = "https://files.pythonhosted.org/packages/52/05/27fdc2e95de26273d83b96742d8d3b7345f2ea2bdbd2405cc504644f2096/librt-0.8.1-cp313-cp313-manylinux2014_x86_64.manylinux_2_17_x86_64.manylinux_2_28_x86_64.whl", hash = "sha256:5e4af413908f77294605e28cfd98063f54b2c790561383971d2f52d113d9c363", size = 224809, upload-time = "2026-02-17T16:12:02.108Z" },
    { url = "https://files.pythonhosted.org/packages/7a/d0/78200a45ba3240cb042bc597d6f2accba9193a2c57d0356268cbbe2d0925/librt-0.8.1-cp313-cp313-manylinux_2_31_riscv64.manylinux_2_39_riscv64.whl", hash = "sha256:5212a5bd7fae98dae95710032902edcd2ec4dc994e883294f75c857b83f9aba0", size = 218075, upload-time = "2026-02-17T16:12:03.631Z" },
    { url = "https://files.pythonhosted.org/packages/af/72/a210839fa74c90474897124c064ffca07f8d4b347b6574d309686aae7ca6/librt-0.8.1-cp313-cp313-musllinux_1_2_aarch64.whl", hash = "sha256:e692aa2d1d604e6ca12d35e51fdc36f4cda6345e28e36374579f7ef3611b3012", size = 225486, upload-time = "2026-02-17T16:12:04.725Z" },
    { url = "https://files.pythonhosted.org/packages/a3/c1/a03cc63722339ddbf087485f253493e2b013039f5b707e8e6016141130fa/librt-0.8.1-cp313-cp313-musllinux_1_2_i686.whl", hash = "sha256:4be2a5c926b9770c9e08e717f05737a269b9d0ebc5d2f0060f0fe3fe9ce47acb", size = 218219, upload-time = "2026-02-17T16:12:05.828Z" },
    { url = "https://files.pythonhosted.org/packages/58/f5/fff6108af0acf941c6f274a946aea0e484bd10cd2dc37610287ce49388c5/librt-0.8.1-cp313-cp313-musllinux_1_2_riscv64.whl", hash = "sha256:fd1a720332ea335ceb544cf0a03f81df92abd4bb887679fd1e460976b0e6214b", size = 218750, upload-time = "2026-02-17T16:12:07.09Z" },
    { url = "https://files.pythonhosted.org/packages/71/67/5a387bfef30ec1e4b4f30562c8586566faf87e47d696768c19feb49e3646/librt-0.8.1-cp313-cp313-musllinux_1_2_x86_64.whl", hash = "sha256:93c2af9e01e0ef80d95ae3c720be101227edae5f2fe7e3dc63d8857fadfc5a1d", size = 241624, upload-time = "2026-02-17T16:12:08.43Z" },
    { url = "https://files.pythonhosted.org/packages/d4/be/24f8502db11d405232ac1162eb98069ca49c3306c1d75c6ccc61d9af8789/librt-0.8.1-cp313-cp313-win32.whl", hash = "sha256:086a32dbb71336627e78cc1d6ee305a68d038ef7d4c39aaff41ae8c9aa46e91a", size = 54969, upload-time = "2026-02-17T16:12:09.633Z" },
    { url = "https://files.pythonhosted.org/packages/5c/73/c9fdf6cb2a529c1a092ce769a12d88c8cca991194dfe641b6af12fa964d2/librt-0.8.1-cp313-cp313-win_amd64.whl", hash = "sha256:e11769a1dbda4da7b00a76cfffa67aa47cfa66921d2724539eee4b9ede780b79", size = 62000, upload-time = "2026-02-17T16:12:10.632Z" },
    { url = "https://files.pythonhosted.org/packages/d3/97/68f80ca3ac4924f250cdfa6e20142a803e5e50fca96ef5148c52ee8c10ea/librt-0.8.1-cp313-cp313-win_arm64.whl", hash = "sha256:924817ab3141aca17893386ee13261f1d100d1ef410d70afe4389f2359fea4f0", size = 52495, upload-time = "2026-02-17T16:12:11.633Z" },
    { url = "https://files.pythonhosted.org/packages/c9/6a/907ef6800f7bca71b525a05f1839b21f708c09043b1c6aa77b6b827b3996/librt-0.8.1-cp314-cp314-macosx_10_13_x86_64.whl", hash = "sha256:6cfa7fe54fd4d1f47130017351a959fe5804bda7a0bc7e07a2cdbc3fdd28d34f", size = 66081, upload-time = "2026-02-17T16:12:12.766Z" },
    { url = "https://files.pythonhosted.org/packages/1b/18/25e991cd5640c9fb0f8d91b18797b29066b792f17bf8493da183bf5caabe/librt-0.8.1-cp314-cp314-macosx_11_0_arm64.whl", hash = "sha256:228c2409c079f8c11fb2e5d7b277077f694cb93443eb760e00b3b83cb8b3176c", size = 68309, upload-time = "2026-02-17T16:12:13.756Z" },
    { url = "https://files.pythonhosted.org/packages/a4/36/46820d03f058cfb5a9de5940640ba03165ed8aded69e0733c417bb04df34/librt-0.8.1-cp314-cp314-manylinux1_i686.manylinux_2_28_i686.manylinux_2_5_i686.whl", hash = "sha256:7aae78ab5e3206181780e56912d1b9bb9f90a7249ce12f0e8bf531d0462dd0fc", size = 196804, upload-time = "2026-02-17T16:12:14.818Z" },
    { url = "https://files.pythonhosted.org/packages/59/18/5dd0d3b87b8ff9c061849fbdb347758d1f724b9a82241aa908e0ec54ccd0/librt-0.8.1-cp314-cp314-manylinux2014_aarch64.manylinux_2_17_aarch64.manylinux_2_28_aarch64.whl", hash = "sha256:172d57ec04346b047ca6af181e1ea4858086c80bdf455f61994c4aa6fc3f866c", size = 206907, upload-time = "2026-02-17T16:12:16.513Z" },
    { url = "https://files.pythonhosted.org/packages/d1/96/ef04902aad1424fd7299b62d1890e803e6ab4018c3044dca5922319c4b97/librt-0.8.1-cp314-cp314-manylinux2014_x86_64.manylinux_2_17_x86_64.manylinux_2_28_x86_64.whl", hash = "sha256:6b1977c4ea97ce5eb7755a78fae68d87e4102e4aaf54985e8b56806849cc06a3", size = 221217, upload-time = "2026-02-17T16:12:17.906Z" },
    { url = "https://files.pythonhosted.org/packages/6d/ff/7e01f2dda84a8f5d280637a2e5827210a8acca9a567a54507ef1c75b342d/librt-0.8.1-cp314-cp314-manylinux_2_31_riscv64.manylinux_2_39_riscv64.whl", hash = "sha256:10c42e1f6fd06733ef65ae7bebce2872bcafd8d6e6b0a08fe0a05a23b044fb14", size = 214622, upload-time = "2026-02-17T16:12:19.108Z" },
    { url = "https://files.pythonhosted.org/packages/1e/8c/5b093d08a13946034fed57619742f790faf77058558b14ca36a6e331161e/librt-0.8.1-cp314-cp314-musllinux_1_2_aarch64.whl", hash = "sha256:4c8dfa264b9193c4ee19113c985c95f876fae5e51f731494fc4e0cf594990ba7", size = 221987, upload-time = "2026-02-17T16:12:20.331Z" },
    { url = "https://files.pythonhosted.org/packages/d3/cc/86b0b3b151d40920ad45a94ce0171dec1aebba8a9d72bb3fa00c73ab25dd/librt-0.8.1-cp314-cp314-musllinux_1_2_i686.whl", hash = "sha256:01170b6729a438f0dedc4a26ed342e3dc4f02d1000b4b19f980e1877f0c297e6", size = 215132, upload-time = "2026-02-17T16:12:21.54Z" },
    { url = "https://files.pythonhosted.org/packages/fc/be/8588164a46edf1e69858d952654e216a9a91174688eeefb9efbb38a9c799/librt-0.8.1-cp314-cp314-musllinux_1_2_riscv64.whl", hash = "sha256:7b02679a0d783bdae30d443025b94465d8c3dc512f32f5b5031f93f57ac32071", size = 215195, upload-time = "2026-02-17T16:12:23.073Z" },
    { url = "https://files.pythonhosted.org/packages/f5/f2/0b9279bea735c734d69344ecfe056c1ba211694a72df10f568745c899c76/librt-0.8.1-cp314-cp314-musllinux_1_2_x86_64.whl", hash = "sha256:190b109bb69592a3401fe1ffdea41a2e73370ace2ffdc4a0e8e2b39cdea81b78", size = 237946, upload-time = "2026-02-17T16:12:24.275Z" },
    { url = "https://files.pythonhosted.org/packages/e9/cc/5f2a34fbc8aeb35314a3641f9956fa9051a947424652fad9882be7a97949/librt-0.8.1-cp314-cp314-win32.whl", hash = "sha256:e70a57ecf89a0f64c24e37f38d3fe217a58169d2fe6ed6d70554964042474023", size = 50689, upload-time = "2026-02-17T16:12:25.766Z" },
    { url = "https://files.pythonhosted.org/packages/a0/76/cd4d010ab2147339ca2b93e959c3686e964edc6de66ddacc935c325883d7/librt-0.8.1-cp314-cp314-win_amd64.whl", hash = "sha256:7e2f3edca35664499fbb36e4770650c4bd4a08abc1f4458eab9df4ec56389730", size = 57875, upload-time = "2026-02-17T16:12:27.465Z" },
    { url = "https://files.pythonhosted.org/packages/84/0f/2143cb3c3ca48bd3379dcd11817163ca50781927c4537345d608b5045998/librt-0.8.1-cp314-cp314-win_arm64.whl", hash = "sha256:0d2f82168e55ddefd27c01c654ce52379c0750ddc31ee86b4b266bcf4d65f2a3", size = 48058, upload-time = "2026-02-17T16:12:28.556Z" },
    { url = "https://files.pythonhosted.org/packages/d2/0e/9b23a87e37baf00311c3efe6b48d6b6c168c29902dfc3f04c338372fd7db/librt-0.8.1-cp314-cp314t-macosx_10_13_x86_64.whl", hash = "sha256:2c74a2da57a094bd48d03fa5d196da83d2815678385d2978657499063709abe1", size = 68313, upload-time = "2026-02-17T16:12:29.659Z" },
    { url = "https://files.pythonhosted.org/packages/db/9a/859c41e5a4f1c84200a7d2b92f586aa27133c8243b6cac9926f6e54d01b9/librt-0.8.1-cp314-cp314t-macosx_11_0_arm64.whl", hash = "sha256:a355d99c4c0d8e5b770313b8b247411ed40949ca44e33e46a4789b9293a907ee", size = 70994, upload-time = "2026-02-17T16:12:31.516Z" },
    { url = "https://files.pythonhosted.org/packages/4c/28/10605366ee599ed34223ac2bf66404c6fb59399f47108215d16d5ad751a8/librt-0.8.1-cp314-cp314t-manylinux1_i686.manylinux_2_28_i686.manylinux_2_5_i686.whl", hash = "sha256:2eb345e8b33fb748227409c9f1233d4df354d6e54091f0e8fc53acdb2ffedeb7", size = 220770, upload-time = "2026-02-17T16:12:33.294Z" },
    { url = "https://files.pythonhosted.org/packages/af/8d/16ed8fd452dafae9c48d17a6bc1ee3e818fd40ef718d149a8eff2c9f4ea2/librt-0.8.1-cp314-cp314t-manylinux2014_aarch64.manylinux_2_17_aarch64.manylinux_2_28_aarch64.whl", hash = "sha256:9be2f15e53ce4e83cc08adc29b26fb5978db62ef2a366fbdf716c8a6c8901040", size = 235409, upload-time = "2026-02-17T16:12:35.443Z" },
    { url = "https://files.pythonhosted.org/packages/89/1b/7bdf3e49349c134b25db816e4a3db6b94a47ac69d7d46b1e682c2c4949be/librt-0.8.1-cp314-cp314t-manylinux2014_x86_64.manylinux_2_17_x86_64.manylinux_2_28_x86_64.whl", hash = "sha256:785ae29c1f5c6e7c2cde2c7c0e148147f4503da3abc5d44d482068da5322fd9e", size = 246473, upload-time = "2026-02-17T16:12:36.656Z" },
    { url = "https://files.pythonhosted.org/packages/4e/8a/91fab8e4fd2a24930a17188c7af5380eb27b203d72101c9cc000dbdfd95a/librt-0.8.1-cp314-cp314t-manylinux_2_31_riscv64.manylinux_2_39_riscv64.whl", hash = "sha256:1d3a7da44baf692f0c6aeb5b2a09c5e6fc7a703bca9ffa337ddd2e2da53f7732", size = 238866, upload-time = "2026-02-17T16:12:37.849Z" },
    { url = "https://files.pythonhosted.org/packages/b9/e0/c45a098843fc7c07e18a7f8a24ca8496aecbf7bdcd54980c6ca1aaa79a8e/librt-0.8.1-cp314-cp314t-musllinux_1_2_aarch64.whl", hash = "sha256:5fc48998000cbc39ec0d5311312dda93ecf92b39aaf184c5e817d5d440b29624", size = 250248, upload-time = "2026-02-17T16:12:39.445Z" },
    { url = "https://files.pythonhosted.org/packages/82/30/07627de23036640c952cce0c1fe78972e77d7d2f8fd54fa5ef4554ff4a56/librt-0.8.1-cp314-cp314t-musllinux_1_2_i686.whl", hash = "sha256:e96baa6820280077a78244b2e06e416480ed859bbd8e5d641cf5742919d8beb4", size = 240629, upload-time = "2026-02-17T16:12:40.889Z" },
    { url = "https://files.pythonhosted.org/packages/fb/c1/55bfe1ee3542eba055616f9098eaf6eddb966efb0ca0f44eaa4aba327307/librt-0.8.1-cp314-cp314t-musllinux_1_2_riscv64.whl", hash = "sha256:31362dbfe297b23590530007062c32c6f6176f6099646bb2c95ab1b00a57c382", size = 239615, upload-time = "2026-02-17T16:12:42.446Z" },
    { url = "https://files.pythonhosted.org/packages/2b/39/191d3d28abc26c9099b19852e6c99f7f6d400b82fa5a4e80291bd3803e19/librt-0.8.1-cp314-cp314t-musllinux_1_2_x86_64.whl", hash = "sha256:cc3656283d11540ab0ea01978378e73e10002145117055e03722417aeab30994", size = 263001, upload-time = "2026-02-17T16:12:43.627Z" },
    { url = "https://files.pythonhosted.org/packages/b9/eb/7697f60fbe7042ab4e88f4ee6af496b7f222fffb0a4e3593ef1f29f81652/librt-0.8.1-cp314-cp314t-win32.whl", hash = "sha256:738f08021b3142c2918c03692608baed43bc51144c29e35807682f8070ee2a3a", size = 51328, upload-time = "2026-02-17T16:12:45.148Z" },
    { url = "https://files.pythonhosted.org/packages/7c/72/34bf2eb7a15414a23e5e70ecb9440c1d3179f393d9349338a91e2781c0fb/librt-0.8.1-cp314-cp314t-win_amd64.whl", hash = "sha256:89815a22daf9c51884fb5dbe4f1ef65ee6a146e0b6a8df05f753e2e4a9359bf4", size = 58722, upload-time = "2026-02-17T16:12:46.85Z" },
    { url = "https://files.pythonhosted.org/packages/b2/c8/d148e041732d631fc76036f8b30fae4e77b027a1e95b7a84bb522481a940/librt-0.8.1-cp314-cp314t-win_arm64.whl", hash = "sha256:bf512a71a23504ed08103a13c941f763db13fb11177beb3d9244c98c29fb4a61", size = 48755, upload-time = "2026-02-17T16:12:47.943Z" },
]

[[package]]
name = "lvsfunc"
version = "0.8.7"
source = { git = "https://github.com/Jaded-Encoding-Thaumaturgy/lvsfunc#93a575e707f730edd0773f7efb2161837158d352" }
dependencies = [
    { name = "numpy" },
    { name = "vapoursynth" },
    { name = "vsjetpack" },
]

[[package]]
name = "mypy"
version = "1.20.1"
source = { registry = "https://pypi.org/simple" }
dependencies = [
    { name = "librt", marker = "platform_python_implementation != 'PyPy'" },
    { name = "mypy-extensions" },
    { name = "pathspec" },
    { name = "typing-extensions" },
]
sdist = { url = "https://files.pythonhosted.org/packages/0b/3d/5b373635b3146264eb7a68d09e5ca11c305bbb058dfffbb47c47daf4f632/mypy-1.20.1.tar.gz", hash = "sha256:6fc3f4ecd52de81648fed1945498bf42fa2993ddfad67c9056df36ae5757f804", size = 3815892, upload-time = "2026-04-13T02:46:51.474Z" }
wheels = [
    { url = "https://files.pythonhosted.org/packages/21/e8/ef0991aa24c8f225df10b034f3c2681213cb54cf247623c6dec9a5744e70/mypy-1.20.1-cp313-cp313-macosx_10_13_x86_64.whl", hash = "sha256:8f3886c03e40afefd327bd70b3f634b39ea82e87f314edaa4d0cce4b927ddcc1", size = 14500739, upload-time = "2026-04-13T02:46:05.442Z" },
    { url = "https://files.pythonhosted.org/packages/23/73/416ebec3047636ed89fa871dc8c54bf05e9e20aa9499da59790d7adb312d/mypy-1.20.1-cp313-cp313-macosx_11_0_arm64.whl", hash = "sha256:e860eb3904f9764e83bafd70c8250bdffdc7dde6b82f486e8156348bf7ceb184", size = 13314735, upload-time = "2026-04-13T02:46:47.154Z" },
    { url = "https://files.pythonhosted.org/packages/10/1e/1505022d9c9ac2e014a384eb17638fb37bf8e9d0a833ea60605b66f8f7ba/mypy-1.20.1-cp313-cp313-manylinux2014_aarch64.manylinux_2_17_aarch64.manylinux_2_28_aarch64.whl", hash = "sha256:a4b5aac6e785719da51a84f5d09e9e843d473170a9045b1ea7ea1af86225df4b", size = 13704356, upload-time = "2026-04-13T02:45:19.773Z" },
    { url = "https://files.pythonhosted.org/packages/98/91/275b01f5eba5c467a3318ec214dd865abb66e9c811231c8587287b92876a/mypy-1.20.1-cp313-cp313-manylinux2014_x86_64.manylinux_2_17_x86_64.manylinux_2_28_x86_64.whl", hash = "sha256:f37b6cd0fe2ad3a20f05ace48ca3523fc52ff86940e34937b439613b6854472e", size = 14696420, upload-time = "2026-04-13T02:45:24.205Z" },
    { url = "https://files.pythonhosted.org/packages/a1/57/b3779e134e1b7250d05f874252780d0a88c068bc054bcff99ca20a3a2986/mypy-1.20.1-cp313-cp313-musllinux_1_2_x86_64.whl", hash = "sha256:e4bbb0f6b54ce7cc350ef4a770650d15fa70edd99ad5267e227133eda9c94218", size = 14936093, upload-time = "2026-04-13T02:45:32.087Z" },
    { url = "https://files.pythonhosted.org/packages/be/33/81b64991b0f3f278c3b55c335888794af190b2d59031a5ad1401bcb69f1e/mypy-1.20.1-cp313-cp313-win_amd64.whl", hash = "sha256:c3dc20f8ec76eecd77148cdd2f1542ed496e51e185713bf488a414f862deb8f2", size = 10889659, upload-time = "2026-04-13T02:46:02.926Z" },
    { url = "https://files.pythonhosted.org/packages/1b/fd/7adcb8053572edf5ef8f3db59599dfeeee3be9cc4c8c97e2d28f66f42ac5/mypy-1.20.1-cp313-cp313-win_arm64.whl", hash = "sha256:a9d62bbac5d6d46718e2b0330b25e6264463ed832722b8f7d4440ff1be3ca895", size = 9815515, upload-time = "2026-04-13T02:46:32.103Z" },
    { url = "https://files.pythonhosted.org/packages/40/cd/db831e84c81d57d4886d99feee14e372f64bbec6a9cb1a88a19e243f2ef5/mypy-1.20.1-cp314-cp314-macosx_10_15_x86_64.whl", hash = "sha256:12927b9c0ed794daedcf1dab055b6c613d9d5659ac511e8d936d96f19c087d12", size = 14483064, upload-time = "2026-04-13T02:45:26.901Z" },
    { url = "https://files.pythonhosted.org/packages/d5/82/74e62e7097fa67da328ac8ece8de09133448c04d20ddeaeba251a3000f01/mypy-1.20.1-cp314-cp314-macosx_11_0_arm64.whl", hash = "sha256:752507dd481e958b2c08fc966d3806c962af5a9433b5bf8f3bdd7175c20e34fe", size = 13335694, upload-time = "2026-04-13T02:46:12.514Z" },
    { url = "https://files.pythonhosted.org/packages/74/c4/97e9a0abe4f3cdbbf4d079cb87a03b786efeccf5bf2b89fe4f96939ab2e6/mypy-1.20.1-cp314-cp314-manylinux2014_aarch64.manylinux_2_17_aarch64.manylinux_2_28_aarch64.whl", hash = "sha256:c614655b5a065e56274c6cbbe405f7cf7e96c0654db7ba39bc680238837f7b08", size = 13726365, upload-time = "2026-04-13T02:45:17.422Z" },
    { url = "https://files.pythonhosted.org/packages/d7/aa/a19d884a8d28fcd3c065776323029f204dbc774e70ec9c85eba228b680de/mypy-1.20.1-cp314-cp314-manylinux2014_x86_64.manylinux_2_17_x86_64.manylinux_2_28_x86_64.whl", hash = "sha256:2c3f6221a76f34d5100c6d35b3ef6b947054123c3f8d6938a4ba00b1308aa572", size = 14693472, upload-time = "2026-04-13T02:46:41.253Z" },
    { url = "https://files.pythonhosted.org/packages/84/44/cc9324bd21cf786592b44bf3b5d224b3923c1230ec9898d508d00241d465/mypy-1.20.1-cp314-cp314-musllinux_1_2_x86_64.whl", hash = "sha256:4bdfc06303ac06500af71ea0cdbe995c502b3c9ba32f3f8313523c137a25d1b6", size = 14919266, upload-time = "2026-04-13T02:46:28.37Z" },
    { url = "https://files.pythonhosted.org/packages/6e/dc/779abb25a8c63e8f44bf5a336217fa92790fa17e0c40e0c725d10cb01bbd/mypy-1.20.1-cp314-cp314-win_amd64.whl", hash = "sha256:0131edd7eba289973d1ba1003d1a37c426b85cdef76650cd02da6420898a5eb3", size = 11049713, upload-time = "2026-04-13T02:45:57.673Z" },
    { url = "https://files.pythonhosted.org/packages/28/08/4172be2ad7de9119b5a92ca36abbf641afdc5cb1ef4ae0c3a8182f29674f/mypy-1.20.1-cp314-cp314-win_arm64.whl", hash = "sha256:33f02904feb2c07e1fdf7909026206396c9deeb9e6f34d466b4cfedb0aadbbe4", size = 9999819, upload-time = "2026-04-13T02:46:35.039Z" },
    { url = "https://files.pythonhosted.org/packages/2d/af/af9e46b0c8eabbce9fc04a477564170f47a1c22b308822282a59b7ff315f/mypy-1.20.1-cp314-cp314t-macosx_10_15_x86_64.whl", hash = "sha256:168472149dd8cc505c98cefd21ad77e4257ed6022cd5ed2fe2999bed56977a5a", size = 15547508, upload-time = "2026-04-13T02:46:25.588Z" },
    { url = "https://files.pythonhosted.org/packages/a7/cd/39c9e4ad6ba33e069e5837d772a9e6c304b4a5452a14a975d52b36444650/mypy-1.20.1-cp314-cp314t-macosx_11_0_arm64.whl", hash = "sha256:eb674600309a8f22790cca883a97c90299f948183ebb210fbef6bcee07cb1986", size = 14399557, upload-time = "2026-04-13T02:46:10.021Z" },
    { url = "https://files.pythonhosted.org/packages/83/c1/3fd71bdc118ffc502bf57559c909927bb7e011f327f7bb8e0488e98a5870/mypy-1.20.1-cp314-cp314t-manylinux2014_aarch64.manylinux_2_17_aarch64.manylinux_2_28_aarch64.whl", hash = "sha256:ef2b2e4cc464ba9795459f2586923abd58a0055487cbe558cb538ea6e6bc142a", size = 15045789, upload-time = "2026-04-13T02:45:10.81Z" },
    { url = "https://files.pythonhosted.org/packages/8e/73/6f07ff8b57a7d7b3e6e5bf34685d17632382395c8bb53364ec331661f83e/mypy-1.20.1-cp314-cp314t-manylinux2014_x86_64.manylinux_2_17_x86_64.manylinux_2_28_x86_64.whl", hash = "sha256:dee461d396dd46b3f0ed5a098dbc9b8860c81c46ad44fa071afcfbc149f167c9", size = 15850795, upload-time = "2026-04-13T02:45:03.349Z" },
    { url = "https://files.pythonhosted.org/packages/ec/e2/f7dffec1c7767078f9e9adf0c786d1fe0ff30964a77eb213c09b8b58cb76/mypy-1.20.1-cp314-cp314t-musllinux_1_2_x86_64.whl", hash = "sha256:e364926308b3e66f1361f81a566fc1b2f8cd47fc8525e8136d4058a65a4b4f02", size = 16088539, upload-time = "2026-04-13T02:46:17.841Z" },
    { url = "https://files.pythonhosted.org/packages/1a/76/e0dee71035316e75a69d73aec2f03c39c21c967b97e277fd0ef8fd6aec66/mypy-1.20.1-cp314-cp314t-win_amd64.whl", hash = "sha256:a0c17fbd746d38c70cbc42647cfd884f845a9708a4b160a8b4f7e70d41f4d7fa", size = 12575567, upload-time = "2026-04-13T02:45:34.795Z" },
    { url = "https://files.pythonhosted.org/packages/22/a8/7ed43c9d9c3d1468f86605e323a5d97e411a448790a00f07e779f3211a46/mypy-1.20.1-cp314-cp314t-win_arm64.whl", hash = "sha256:db2cb89654626a912efda69c0d5c1d22d948265e2069010d3dde3abf751c7d08", size = 10378823, upload-time = "2026-04-13T02:45:13.35Z" },
    { url = "https://files.pythonhosted.org/packages/d8/28/926bd972388e65a39ee98e188ccf67e81beb3aacfd5d6b310051772d974b/mypy-1.20.1-py3-none-any.whl", hash = "sha256:1aae28507f253fe82d883790d1c0a0d35798a810117c88184097fe8881052f06", size = 2636553, upload-time = "2026-04-13T02:46:30.45Z" },
]

[[package]]
name = "mypy-extensions"
version = "1.1.0"
source = { registry = "https://pypi.org/simple" }
sdist = { url = "https://files.pythonhosted.org/packages/a2/6e/371856a3fb9d31ca8dac321cda606860fa4548858c0cc45d9d1d4ca2628b/mypy_extensions-1.1.0.tar.gz", hash = "sha256:52e68efc3284861e772bbcd66823fde5ae21fd2fdb51c62a211403730b916558", size = 6343, upload-time = "2025-04-22T14:54:24.164Z" }
wheels = [
    { url = "https://files.pythonhosted.org/packages/79/7b/2c79738432f5c924bef5071f933bcc9efd0473bac3b4aa584a6f7c1c8df8/mypy_extensions-1.1.0-py3-none-any.whl", hash = "sha256:1be4cccdb0f2482337c4743e60421de3a356cd97508abadd57d47403e94f5505", size = 4963, upload-time = "2025-04-22T14:54:22.983Z" },
]

[[package]]
name = "numpy"
version = "2.4.2"
source = { registry = "https://pypi.org/simple" }
sdist = { url = "https://files.pythonhosted.org/packages/57/fd/0005efbd0af48e55eb3c7208af93f2862d4b1a56cd78e84309a2d959208d/numpy-2.4.2.tar.gz", hash = "sha256:659a6107e31a83c4e33f763942275fd278b21d095094044eb35569e86a21ddae", size = 20723651, upload-time = "2026-01-31T23:13:10.135Z" }
wheels = [
    { url = "https://files.pythonhosted.org/packages/a1/22/815b9fe25d1d7ae7d492152adbc7226d3eff731dffc38fe970589fcaaa38/numpy-2.4.2-cp313-cp313-macosx_10_13_x86_64.whl", hash = "sha256:25f2059807faea4b077a2b6837391b5d830864b3543627f381821c646f31a63c", size = 16663696, upload-time = "2026-01-31T23:11:17.516Z" },
    { url = "https://files.pythonhosted.org/packages/09/f0/817d03a03f93ba9c6c8993de509277d84e69f9453601915e4a69554102a1/numpy-2.4.2-cp313-cp313-macosx_11_0_arm64.whl", hash = "sha256:bd3a7a9f5847d2fb8c2c6d1c862fa109c31a9abeca1a3c2bd5a64572955b2979", size = 14688322, upload-time = "2026-01-31T23:11:19.883Z" },
    { url = "https://files.pythonhosted.org/packages/da/b4/f805ab79293c728b9a99438775ce51885fd4f31b76178767cfc718701a39/numpy-2.4.2-cp313-cp313-macosx_14_0_arm64.whl", hash = "sha256:8e4549f8a3c6d13d55041925e912bfd834285ef1dd64d6bc7d542583355e2e98", size = 5198157, upload-time = "2026-01-31T23:11:22.375Z" },
    { url = "https://files.pythonhosted.org/packages/74/09/826e4289844eccdcd64aac27d13b0fd3f32039915dd5b9ba01baae1f436c/numpy-2.4.2-cp313-cp313-macosx_14_0_x86_64.whl", hash = "sha256:aea4f66ff44dfddf8c2cffd66ba6538c5ec67d389285292fe428cb2c738c8aef", size = 6546330, upload-time = "2026-01-31T23:11:23.958Z" },
    { url = "https://files.pythonhosted.org/packages/19/fb/cbfdbfa3057a10aea5422c558ac57538e6acc87ec1669e666d32ac198da7/numpy-2.4.2-cp313-cp313-manylinux_2_27_aarch64.manylinux_2_28_aarch64.whl", hash = "sha256:c3cd545784805de05aafe1dde61752ea49a359ccba9760c1e5d1c88a93bbf2b7", size = 15660968, upload-time = "2026-01-31T23:11:25.713Z" },
    { url = "https://files.pythonhosted.org/packages/04/dc/46066ce18d01645541f0186877377b9371b8fa8017fa8262002b4ef22612/numpy-2.4.2-cp313-cp313-manylinux_2_27_x86_64.manylinux_2_28_x86_64.whl", hash = "sha256:d0d9b7c93578baafcbc5f0b83eaf17b79d345c6f36917ba0c67f45226911d499", size = 16607311, upload-time = "2026-01-31T23:11:28.117Z" },
    { url = "https://files.pythonhosted.org/packages/14/d9/4b5adfc39a43fa6bf918c6d544bc60c05236cc2f6339847fc5b35e6cb5b0/numpy-2.4.2-cp313-cp313-musllinux_1_2_aarch64.whl", hash = "sha256:f74f0f7779cc7ae07d1810aab8ac6b1464c3eafb9e283a40da7309d5e6e48fbb", size = 17012850, upload-time = "2026-01-31T23:11:30.888Z" },
    { url = "https://files.pythonhosted.org/packages/b7/20/adb6e6adde6d0130046e6fdfb7675cc62bc2f6b7b02239a09eb58435753d/numpy-2.4.2-cp313-cp313-musllinux_1_2_x86_64.whl", hash = "sha256:c7ac672d699bf36275c035e16b65539931347d68b70667d28984c9fb34e07fa7", size = 18334210, upload-time = "2026-01-31T23:11:33.214Z" },
    { url = "https://files.pythonhosted.org/packages/78/0e/0a73b3dff26803a8c02baa76398015ea2a5434d9b8265a7898a6028c1591/numpy-2.4.2-cp313-cp313-win32.whl", hash = "sha256:8e9afaeb0beff068b4d9cd20d322ba0ee1cecfb0b08db145e4ab4dd44a6b5110", size = 5958199, upload-time = "2026-01-31T23:11:35.385Z" },
    { url = "https://files.pythonhosted.org/packages/43/bc/6352f343522fcb2c04dbaf94cb30cca6fd32c1a750c06ad6231b4293708c/numpy-2.4.2-cp313-cp313-win_amd64.whl", hash = "sha256:7df2de1e4fba69a51c06c28f5a3de36731eb9639feb8e1cf7e4a7b0daf4cf622", size = 12310848, upload-time = "2026-01-31T23:11:38.001Z" },
    { url = "https://files.pythonhosted.org/packages/6e/8d/6da186483e308da5da1cc6918ce913dcfe14ffde98e710bfeff2a6158d4e/numpy-2.4.2-cp313-cp313-win_arm64.whl", hash = "sha256:0fece1d1f0a89c16b03442eae5c56dc0be0c7883b5d388e0c03f53019a4bfd71", size = 10221082, upload-time = "2026-01-31T23:11:40.392Z" },
    { url = "https://files.pythonhosted.org/packages/25/a1/9510aa43555b44781968935c7548a8926274f815de42ad3997e9e83680dd/numpy-2.4.2-cp313-cp313t-macosx_11_0_arm64.whl", hash = "sha256:5633c0da313330fd20c484c78cdd3f9b175b55e1a766c4a174230c6b70ad8262", size = 14815866, upload-time = "2026-01-31T23:11:42.495Z" },
    { url = "https://files.pythonhosted.org/packages/36/30/6bbb5e76631a5ae46e7923dd16ca9d3f1c93cfa8d4ed79a129814a9d8db3/numpy-2.4.2-cp313-cp313t-macosx_14_0_arm64.whl", hash = "sha256:d9f64d786b3b1dd742c946c42d15b07497ed14af1a1f3ce840cce27daa0ce913", size = 5325631, upload-time = "2026-01-31T23:11:44.7Z" },
    { url = "https://files.pythonhosted.org/packages/46/00/3a490938800c1923b567b3a15cd17896e68052e2145d8662aaf3e1ffc58f/numpy-2.4.2-cp313-cp313t-macosx_14_0_x86_64.whl", hash = "sha256:b21041e8cb6a1eb5312dd1d2f80a94d91efffb7a06b70597d44f1bd2dfc315ab", size = 6646254, upload-time = "2026-01-31T23:11:46.341Z" },
    { url = "https://files.pythonhosted.org/packages/d3/e9/fac0890149898a9b609caa5af7455a948b544746e4b8fe7c212c8edd71f8/numpy-2.4.2-cp313-cp313t-manylinux_2_27_aarch64.manylinux_2_28_aarch64.whl", hash = "sha256:00ab83c56211a1d7c07c25e3217ea6695e50a3e2f255053686b081dc0b091a82", size = 15720138, upload-time = "2026-01-31T23:11:48.082Z" },
    { url = "https://files.pythonhosted.org/packages/ea/5c/08887c54e68e1e28df53709f1893ce92932cc6f01f7c3d4dc952f61ffd4e/numpy-2.4.2-cp313-cp313t-manylinux_2_27_x86_64.manylinux_2_28_x86_64.whl", hash = "sha256:2fb882da679409066b4603579619341c6d6898fc83a8995199d5249f986e8e8f", size = 16655398, upload-time = "2026-01-31T23:11:50.293Z" },
    { url = "https://files.pythonhosted.org/packages/4d/89/253db0fa0e66e9129c745e4ef25631dc37d5f1314dad2b53e907b8538e6d/numpy-2.4.2-cp313-cp313t-musllinux_1_2_aarch64.whl", hash = "sha256:66cb9422236317f9d44b67b4d18f44efe6e9c7f8794ac0462978513359461554", size = 17079064, upload-time = "2026-01-31T23:11:52.927Z" },
    { url = "https://files.pythonhosted.org/packages/2a/d5/cbade46ce97c59c6c3da525e8d95b7abe8a42974a1dc5c1d489c10433e88/numpy-2.4.2-cp313-cp313t-musllinux_1_2_x86_64.whl", hash = "sha256:0f01dcf33e73d80bd8dc0f20a71303abbafa26a19e23f6b68d1aa9990af90257", size = 18379680, upload-time = "2026-01-31T23:11:55.22Z" },
    { url = "https://files.pythonhosted.org/packages/40/62/48f99ae172a4b63d981babe683685030e8a3df4f246c893ea5c6ef99f018/numpy-2.4.2-cp313-cp313t-win32.whl", hash = "sha256:52b913ec40ff7ae845687b0b34d8d93b60cb66dcee06996dd5c99f2fc9328657", size = 6082433, upload-time = "2026-01-31T23:11:58.096Z" },
    { url = "https://files.pythonhosted.org/packages/07/38/e054a61cfe48ad9f1ed0d188e78b7e26859d0b60ef21cd9de4897cdb5326/numpy-2.4.2-cp313-cp313t-win_amd64.whl", hash = "sha256:5eea80d908b2c1f91486eb95b3fb6fab187e569ec9752ab7d9333d2e66bf2d6b", size = 12451181, upload-time = "2026-01-31T23:11:59.782Z" },
    { url = "https://files.pythonhosted.org/packages/6e/a4/a05c3a6418575e185dd84d0b9680b6bb2e2dc3e4202f036b7b4e22d6e9dc/numpy-2.4.2-cp313-cp313t-win_arm64.whl", hash = "sha256:fd49860271d52127d61197bb50b64f58454e9f578cb4b2c001a6de8b1f50b0b1", size = 10290756, upload-time = "2026-01-31T23:12:02.438Z" },
    { url = "https://files.pythonhosted.org/packages/18/88/b7df6050bf18fdcfb7046286c6535cabbdd2064a3440fca3f069d319c16e/numpy-2.4.2-cp314-cp314-macosx_10_15_x86_64.whl", hash = "sha256:444be170853f1f9d528428eceb55f12918e4fda5d8805480f36a002f1415e09b", size = 16663092, upload-time = "2026-01-31T23:12:04.521Z" },
    { url = "https://files.pythonhosted.org/packages/25/7a/1fee4329abc705a469a4afe6e69b1ef7e915117747886327104a8493a955/numpy-2.4.2-cp314-cp314-macosx_11_0_arm64.whl", hash = "sha256:d1240d50adff70c2a88217698ca844723068533f3f5c5fa6ee2e3220e3bdb000", size = 14698770, upload-time = "2026-01-31T23:12:06.96Z" },
    { url = "https://files.pythonhosted.org/packages/fb/0b/f9e49ba6c923678ad5bc38181c08ac5e53b7a5754dbca8e581aa1a56b1ff/numpy-2.4.2-cp314-cp314-macosx_14_0_arm64.whl", hash = "sha256:7cdde6de52fb6664b00b056341265441192d1291c130e99183ec0d4b110ff8b1", size = 5208562, upload-time = "2026-01-31T23:12:09.632Z" },
    { url = "https://files.pythonhosted.org/packages/7d/12/d7de8f6f53f9bb76997e5e4c069eda2051e3fe134e9181671c4391677bb2/numpy-2.4.2-cp314-cp314-macosx_14_0_x86_64.whl", hash = "sha256:cda077c2e5b780200b6b3e09d0b42205a3d1c68f30c6dceb90401c13bff8fe74", size = 6543710, upload-time = "2026-01-31T23:12:11.969Z" },
    { url = "https://files.pythonhosted.org/packages/09/63/c66418c2e0268a31a4cf8a8b512685748200f8e8e8ec6c507ce14e773529/numpy-2.4.2-cp314-cp314-manylinux_2_27_aarch64.manylinux_2_28_aarch64.whl", hash = "sha256:d30291931c915b2ab5717c2974bb95ee891a1cf22ebc16a8006bd59cd210d40a", size = 15677205, upload-time = "2026-01-31T23:12:14.33Z" },
    { url = "https://files.pythonhosted.org/packages/5d/6c/7f237821c9642fb2a04d2f1e88b4295677144ca93285fd76eff3bcba858d/numpy-2.4.2-cp314-cp314-manylinux_2_27_x86_64.manylinux_2_28_x86_64.whl", hash = "sha256:bba37bc29d4d85761deed3954a1bc62be7cf462b9510b51d367b769a8c8df325", size = 16611738, upload-time = "2026-01-31T23:12:16.525Z" },
    { url = "https://files.pythonhosted.org/packages/c2/a7/39c4cdda9f019b609b5c473899d87abff092fc908cfe4d1ecb2fcff453b0/numpy-2.4.2-cp314-cp314-musllinux_1_2_aarch64.whl", hash = "sha256:b2f0073ed0868db1dcd86e052d37279eef185b9c8db5bf61f30f46adac63c909", size = 17028888, upload-time = "2026-01-31T23:12:19.306Z" },
    { url = "https://files.pythonhosted.org/packages/da/b3/e84bb64bdfea967cc10950d71090ec2d84b49bc691df0025dddb7c26e8e3/numpy-2.4.2-cp314-cp314-musllinux_1_2_x86_64.whl", hash = "sha256:7f54844851cdb630ceb623dcec4db3240d1ac13d4990532446761baede94996a", size = 18339556, upload-time = "2026-01-31T23:12:21.816Z" },
    { url = "https://files.pythonhosted.org/packages/88/f5/954a291bc1192a27081706862ac62bb5920fbecfbaa302f64682aa90beed/numpy-2.4.2-cp314-cp314-win32.whl", hash = "sha256:12e26134a0331d8dbd9351620f037ec470b7c75929cb8a1537f6bfe411152a1a", size = 6006899, upload-time = "2026-01-31T23:12:24.14Z" },
    { url = "https://files.pythonhosted.org/packages/05/cb/eff72a91b2efdd1bc98b3b8759f6a1654aa87612fc86e3d87d6fe4f948c4/numpy-2.4.2-cp314-cp314-win_amd64.whl", hash = "sha256:068cdb2d0d644cdb45670810894f6a0600797a69c05f1ac478e8d31670b8ee75", size = 12443072, upload-time = "2026-01-31T23:12:26.33Z" },
    { url = "https://files.pythonhosted.org/packages/37/75/62726948db36a56428fce4ba80a115716dc4fad6a3a4352487f8bb950966/numpy-2.4.2-cp314-cp314-win_arm64.whl", hash = "sha256:6ed0be1ee58eef41231a5c943d7d1375f093142702d5723ca2eb07db9b934b05", size = 10494886, upload-time = "2026-01-31T23:12:28.488Z" },
    { url = "https://files.pythonhosted.org/packages/36/2f/ee93744f1e0661dc267e4b21940870cabfae187c092e1433b77b09b50ac4/numpy-2.4.2-cp314-cp314t-macosx_11_0_arm64.whl", hash = "sha256:98f16a80e917003a12c0580f97b5f875853ebc33e2eaa4bccfc8201ac6869308", size = 14818567, upload-time = "2026-01-31T23:12:30.709Z" },
    { url = "https://files.pythonhosted.org/packages/a7/24/6535212add7d76ff938d8bdc654f53f88d35cddedf807a599e180dcb8e66/numpy-2.4.2-cp314-cp314t-macosx_14_0_arm64.whl", hash = "sha256:20abd069b9cda45874498b245c8015b18ace6de8546bf50dfa8cea1696ed06ef", size = 5328372, upload-time = "2026-01-31T23:12:32.962Z" },
    { url = "https://files.pythonhosted.org/packages/5e/9d/c48f0a035725f925634bf6b8994253b43f2047f6778a54147d7e213bc5a7/numpy-2.4.2-cp314-cp314t-macosx_14_0_x86_64.whl", hash = "sha256:e98c97502435b53741540a5717a6749ac2ada901056c7db951d33e11c885cc7d", size = 6649306, upload-time = "2026-01-31T23:12:34.797Z" },
    { url = "https://files.pythonhosted.org/packages/81/05/7c73a9574cd4a53a25907bad38b59ac83919c0ddc8234ec157f344d57d9a/numpy-2.4.2-cp314-cp314t-manylinux_2_27_aarch64.manylinux_2_28_aarch64.whl", hash = "sha256:da6cad4e82cb893db4b69105c604d805e0c3ce11501a55b5e9f9083b47d2ffe8", size = 15722394, upload-time = "2026-01-31T23:12:36.565Z" },
    { url = "https://files.pythonhosted.org/packages/35/fa/4de10089f21fc7d18442c4a767ab156b25c2a6eaf187c0db6d9ecdaeb43f/numpy-2.4.2-cp314-cp314t-manylinux_2_27_x86_64.manylinux_2_28_x86_64.whl", hash = "sha256:9e4424677ce4b47fe73c8b5556d876571f7c6945d264201180db2dc34f676ab5", size = 16653343, upload-time = "2026-01-31T23:12:39.188Z" },
    { url = "https://files.pythonhosted.org/packages/b8/f9/d33e4ffc857f3763a57aa85650f2e82486832d7492280ac21ba9efda80da/numpy-2.4.2-cp314-cp314t-musllinux_1_2_aarch64.whl", hash = "sha256:2b8f157c8a6f20eb657e240f8985cc135598b2b46985c5bccbde7616dc9c6b1e", size = 17078045, upload-time = "2026-01-31T23:12:42.041Z" },
    { url = "https://files.pythonhosted.org/packages/c8/b8/54bdb43b6225badbea6389fa038c4ef868c44f5890f95dd530a218706da3/numpy-2.4.2-cp314-cp314t-musllinux_1_2_x86_64.whl", hash = "sha256:5daf6f3914a733336dab21a05cdec343144600e964d2fcdabaac0c0269874b2a", size = 18380024, upload-time = "2026-01-31T23:12:44.331Z" },
    { url = "https://files.pythonhosted.org/packages/a5/55/6e1a61ded7af8df04016d81b5b02daa59f2ea9252ee0397cb9f631efe9e5/numpy-2.4.2-cp314-cp314t-win32.whl", hash = "sha256:8c50dd1fc8826f5b26a5ee4d77ca55d88a895f4e4819c7ecc2a9f5905047a443", size = 6153937, upload-time = "2026-01-31T23:12:47.229Z" },
    { url = "https://files.pythonhosted.org/packages/45/aa/fa6118d1ed6d776b0983f3ceac9b1a5558e80df9365b1c3aa6d42bf9eee4/numpy-2.4.2-cp314-cp314t-win_amd64.whl", hash = "sha256:fcf92bee92742edd401ba41135185866f7026c502617f422eb432cfeca4fe236", size = 12631844, upload-time = "2026-01-31T23:12:48.997Z" },
    { url = "https://files.pythonhosted.org/packages/32/0a/2ec5deea6dcd158f254a7b372fb09cfba5719419c8d66343bab35237b3fb/numpy-2.4.2-cp314-cp314t-win_arm64.whl", hash = "sha256:1f92f53998a17265194018d1cc321b2e96e900ca52d54c7c77837b71b9465181", size = 10565379, upload-time = "2026-01-31T23:12:51.345Z" },
]

[[package]]
name = "pathspec"
version = "1.0.4"
source = { registry = "https://pypi.org/simple" }
sdist = { url = "https://files.pythonhosted.org/packages/fa/36/e27608899f9b8d4dff0617b2d9ab17ca5608956ca44461ac14ac48b44015/pathspec-1.0.4.tar.gz", hash = "sha256:0210e2ae8a21a9137c0d470578cb0e595af87edaa6ebf12ff176f14a02e0e645", size = 131200, upload-time = "2026-01-27T03:59:46.938Z" }
wheels = [
    { url = "https://files.pythonhosted.org/packages/ef/3c/2c197d226f9ea224a9ab8d197933f9da0ae0aac5b6e0f884e2b8d9c8e9f7/pathspec-1.0.4-py3-none-any.whl", hash = "sha256:fb6ae2fd4e7c921a165808a552060e722767cfa526f99ca5156ed2ce45a5c723", size = 55206, upload-time = "2026-01-27T03:59:45.137Z" },
]

[[package]]
name = "pytimeconv"
version = "0.0.2"
source = { registry = "https://pypi.org/simple" }
sdist = { url = "https://files.pythonhosted.org/packages/cb/f5/b15883838fc40fa8acded2cfee5916c711f41654f39d885b656b7f1660f4/pytimeconv-0.0.2.tar.gz", hash = "sha256:7c0bf0919cabe9358383c515132e0711f53692f12378114fc6b17f6664274b4e", size = 3295, upload-time = "2021-10-29T20:43:14.867Z" }
wheels = [
    { url = "https://files.pythonhosted.org/packages/f6/5c/49cb58fd843c35d06445303d79275b797a969116123d22e90a48de9859d1/pytimeconv-0.0.2-py3-none-any.whl", hash = "sha256:8b6963048d9eab15ecb141fd56fe88d777c00ede92caebc6d5b5d5e1cbacadbb", size = 3759, upload-time = "2021-10-29T20:43:13.292Z" },
]

[[package]]
name = "ruff"
version = "0.15.11"
source = { registry = "https://pypi.org/simple" }
sdist = { url = "https://files.pythonhosted.org/packages/e4/8d/192f3d7103816158dfd5ea50d098ef2aec19194e6cbccd4b3485bdb2eb2d/ruff-0.15.11.tar.gz", hash = "sha256:f092b21708bf0e7437ce9ada249dfe688ff9a0954fc94abab05dcea7dcd29c33", size = 4637264, upload-time = "2026-04-16T18:46:26.58Z" }
wheels = [
    { url = "https://files.pythonhosted.org/packages/02/1e/6aca3427f751295ab011828e15e9bf452200ac74484f1db4be0197b8170b/ruff-0.15.11-py3-none-linux_armv6l.whl", hash = "sha256:e927cfff503135c558eb581a0c9792264aae9507904eb27809cdcff2f2c847b7", size = 10607943, upload-time = "2026-04-16T18:46:05.967Z" },
    { url = "https://files.pythonhosted.org/packages/e7/26/1341c262e74f36d4e84f3d6f4df0ac68cd53331a66bfc5080daa17c84c0b/ruff-0.15.11-py3-none-macosx_10_12_x86_64.whl", hash = "sha256:7a1b5b2938d8f890b76084d4fa843604d787a912541eae85fd7e233398bbb73e", size = 10988592, upload-time = "2026-04-16T18:46:00.742Z" },
    { url = "https://files.pythonhosted.org/packages/03/71/850b1d6ffa9564fbb6740429bad53df1094082fe515c8c1e74b6d8d05f18/ruff-0.15.11-py3-none-macosx_11_0_arm64.whl", hash = "sha256:d4176f3d194afbdaee6e41b9ccb1a2c287dba8700047df474abfbe773825d1cb", size = 10338501, upload-time = "2026-04-16T18:46:03.723Z" },
    { url = "https://files.pythonhosted.org/packages/f2/11/cc1284d3e298c45a817a6aadb6c3e1d70b45c9b36d8d9cce3387b495a03a/ruff-0.15.11-py3-none-manylinux_2_17_aarch64.manylinux2014_aarch64.whl", hash = "sha256:3b17c886fb88203ced3afe7f14e8d5ae96e9d2f4ccc0ee66aa19f2c2675a27e4", size = 10670693, upload-time = "2026-04-16T18:46:41.941Z" },
    { url = "https://files.pythonhosted.org/packages/ce/9e/f8288b034ab72b371513c13f9a41d9ba3effac54e24bfb467b007daee2ca/ruff-0.15.11-py3-none-manylinux_2_17_armv7l.manylinux2014_armv7l.whl", hash = "sha256:49fafa220220afe7758a487b048de4c8f9f767f37dfefad46b9dd06759d003eb", size = 10416177, upload-time = "2026-04-16T18:46:21.717Z" },
    { url = "https://files.pythonhosted.org/packages/85/71/504d79abfd3d92532ba6bbe3d1c19fada03e494332a59e37c7c2dabae427/ruff-0.15.11-py3-none-manylinux_2_17_i686.manylinux2014_i686.whl", hash = "sha256:f2ab8427e74a00d93b8bda1307b1e60970d40f304af38bccb218e056c220120d", size = 11221886, upload-time = "2026-04-16T18:46:15.086Z" },
    { url = "https://files.pythonhosted.org/packages/43/5a/947e6ab7a5ad603d65b474be15a4cbc6d29832db5d762cd142e4e3a74164/ruff-0.15.11-py3-none-manylinux_2_17_ppc64le.manylinux2014_ppc64le.whl", hash = "sha256:195072c0c8e1fc8f940652073df082e37a5d9cb43b4ab1e4d0566ab8977a13b7", size = 12075183, upload-time = "2026-04-16T18:46:07.944Z" },
    { url = "https://files.pythonhosted.org/packages/9f/a1/0b7bb6268775fdd3a0818aee8efd8f5b4e231d24dd4d528ced2534023182/ruff-0.15.11-py3-none-manylinux_2_17_s390x.manylinux2014_s390x.whl", hash = "sha256:a3a0996d486af3920dec930a2e7daed4847dfc12649b537a9335585ada163e9e", size = 11516575, upload-time = "2026-04-16T18:46:31.687Z" },
    { url = "https://files.pythonhosted.org/packages/30/c3/bb5168fc4d233cc06e95f482770d0f3c87945a0cd9f614b90ea8dc2f2833/ruff-0.15.11-py3-none-manylinux_2_17_x86_64.manylinux2014_x86_64.whl", hash = "sha256:1bef2cb556d509259f1fe440bb9cd33c756222cf0a7afe90d15edf0866702431", size = 11306537, upload-time = "2026-04-16T18:46:36.988Z" },
    { url = "https://files.pythonhosted.org/packages/e4/92/4cfae6441f3967317946f3b788136eecf093729b94d6561f963ed810c82e/ruff-0.15.11-py3-none-manylinux_2_31_riscv64.whl", hash = "sha256:030d921a836d7d4a12cf6e8d984a88b66094ccb0e0f17ddd55067c331191bf19", size = 11296813, upload-time = "2026-04-16T18:46:24.182Z" },
    { url = "https://files.pythonhosted.org/packages/43/26/972784c5dde8313acde8ac71ba8ac65475b85db4a2352a76c9934361f9bc/ruff-0.15.11-py3-none-musllinux_1_2_aarch64.whl", hash = "sha256:0e783b599b4577788dbbb66b9addcef87e9a8832f4ce0c19e34bf55543a2f890", size = 10633136, upload-time = "2026-04-16T18:46:39.802Z" },
    { url = "https://files.pythonhosted.org/packages/5b/53/3985a4f185020c2f367f2e08a103032e12564829742a1b417980ce1514a0/ruff-0.15.11-py3-none-musllinux_1_2_armv7l.whl", hash = "sha256:ae90592246625ba4a34349d68ec28d4400d75182b71baa196ddb9f82db025ef5", size = 10424701, upload-time = "2026-04-16T18:46:10.381Z" },
    { url = "https://files.pythonhosted.org/packages/d3/57/bf0dfb32241b56c83bb663a826133da4bf17f682ba8c096973065f6e6a68/ruff-0.15.11-py3-none-musllinux_1_2_i686.whl", hash = "sha256:1f111d62e3c983ed20e0ca2e800f8d77433a5b1161947df99a5c2a3fb60514f0", size = 10873887, upload-time = "2026-04-16T18:46:29.157Z" },
    { url = "https://files.pythonhosted.org/packages/02/05/e48076b2a57dc33ee8c7a957296f97c744ca891a8ffb4ffb1aaa3b3f517d/ruff-0.15.11-py3-none-musllinux_1_2_x86_64.whl", hash = "sha256:06f483d6646f59eaffba9ae30956370d3a886625f511a3108994000480621d1c", size = 11404316, upload-time = "2026-04-16T18:46:19.462Z" },
    { url = "https://files.pythonhosted.org/packages/88/27/0195d15fe7a897cbcba0904792c4b7c9fdd958456c3a17d2ea6093716a9a/ruff-0.15.11-py3-none-win32.whl", hash = "sha256:476a2aa56b7da0b73a3ee80b6b2f0e19cce544245479adde7baa65466664d5f3", size = 10655535, upload-time = "2026-04-16T18:46:12.47Z" },
    { url = "https://files.pythonhosted.org/packages/3a/5e/c927b325bd4c1d3620211a4b96f47864633199feed60fa936025ab27e090/ruff-0.15.11-py3-none-win_amd64.whl", hash = "sha256:8b6756d88d7e234fb0c98c91511aae3cd519d5e3ed271cae31b20f39cb2a12a3", size = 11779692, upload-time = "2026-04-16T18:46:17.268Z" },
    { url = "https://files.pythonhosted.org/packages/63/b6/aeadee5443e49baa2facd51131159fd6301cc4ccfc1541e4df7b021c37dd/ruff-0.15.11-py3-none-win_arm64.whl", hash = "sha256:063fed18cc1bbe0ee7393957284a6fe8b588c6a406a285af3ee3f46da2391ee4", size = 11032614, upload-time = "2026-04-16T18:46:34.487Z" },
]

[[package]]
name = "typing-extensions"
version = "4.15.0"
source = { registry = "https://pypi.org/simple" }
sdist = { url = "https://files.pythonhosted.org/packages/72/94/1a15dd82efb362ac84269196e94cf00f187f7ed21c242792a923cdb1c61f/typing_extensions-4.15.0.tar.gz", hash = "sha256:0cea48d173cc12fa28ecabc3b837ea3cf6f38c6d1136f85cbaaf598984861466", size = 109391, upload-time = "2025-08-25T13:49:26.313Z" }
wheels = [
    { url = "https://files.pythonhosted.org/packages/18/67/36e9267722cc04a6b9f15c7f3441c2363321a3ea07da7ae0c0707beb2a9c/typing_extensions-4.15.0-py3-none-any.whl", hash = "sha256:f0fa19c6845758ab08074a0cfa8b7aecb71c999ca73d62883bc25cc018c4e548", size = 44614, upload-time = "2025-08-25T13:49:24.86Z" },
]

[[package]]
name = "vapoursynth"
version = "73"
source = { registry = "https://pypi.org/simple" }
sdist = { url = "https://files.pythonhosted.org/packages/40/29/85866b3c00b9f7e4b34007da02e2db286cc39370a0823108ce204ea5cc6b/vapoursynth-73.tar.gz", hash = "sha256:d52b29f37617a594c5dd1580e7831a08800d5fb5ae8fc8e833fa70bdf1178cc3", size = 67402, upload-time = "2025-11-24T16:58:32.223Z" }
wheels = [
    { url = "https://files.pythonhosted.org/packages/73/e2/d621d4d4076277b98a244c38eb4bc3790fda3a3c66e5165fca4f6c2317a3/vapoursynth-73-cp312-abi3-win_amd64.whl", hash = "sha256:6f6543b2e3b62be14d23145ad8d14319b1eaf56cb9babd8fae2068411d31bc72", size = 1089499, upload-time = "2025-11-24T16:58:28.9Z" },
]

[[package]]
name = "vardefunc"
source = { editable = "." }
dependencies = [
    { name = "numpy" },
    { name = "pytimeconv" },
    { name = "vapoursynth" },
    { name = "vsjetpack" },
]

[package.optional-dependencies]
comp = [
    { name = "lvsfunc" },
]

[package.dev-dependencies]
dev = [
    { name = "mypy" },
    { name = "ruff" },
]

[package.metadata]
requires-dist = [
    { name = "lvsfunc", marker = "extra == 'comp'", git = "https://github.com/Jaded-Encoding-Thaumaturgy/lvsfunc" },
    { name = "numpy", specifier = ">=2.0.0" },
    { name = "pytimeconv", specifier = ">=0.0.2" },
    { name = "vapoursynth", specifier = ">=69" },
    { name = "vsjetpack", specifier = "~=1.4.0" },
]
provides-extras = ["comp"]

[package.metadata.requires-dev]
dev = [
    { name = "mypy", specifier = "==1.20.1" },
    { name = "ruff", specifier = "==0.15.11" },
]

[[package]]
name = "vsjetpack"
version = "1.4.0"
source = { registry = "https://pypi.org/simple" }
dependencies = [
    { name = "jetpytools" },
    { name = "numpy" },
    { name = "vapoursynth" },
]
sdist = { url = "https://files.pythonhosted.org/packages/fc/02/928b2ca5d88e7234826fc1d67a2b05b431dd0912903e1e045bb5c1ce206f/vsjetpack-1.4.0.tar.gz", hash = "sha256:54bcd8de5b2d49271da956b1e9fe354a0ed7f3b5abe9b52a1152a7692c43ede4", size = 372546, upload-time = "2026-04-18T16:46:41.029Z" }
wheels = [
    { url = "https://files.pythonhosted.org/packages/88/87/68a0af7a1e33a21cd2bd7969f5965ecbe311281c77051cde2b2328b45530/vsjetpack-1.4.0-py3-none-any.whl", hash = "sha256:e9cafcdb422c7e9bc24b816323a43daaaa68dc6918295d208745d7a5679a9647", size = 408837, upload-time = "2026-04-18T16:46:39.546Z" },
]
